<?xml version="1.0" encoding="UTF-8"?>
<CodeBlocks_project_file>
	<FileVersion major="1" minor="6"/>
	<Project>
		<Option title="client"/>
		<Option makefile_is_custom="1"/>
		<Option compiler="gcc"/>
		<Option virtualFolders="CMake Files\;"/>
		<Build>
			<Target title="all">
				<Option working_dir="/home/hugo/Escritorio/MicroMachines/Client"/>
				<Option type="4"/>
				<MakeCommands>
					<Build command="/usr/bin/make -j12 -f &quot;/home/hugo/Escritorio/MicroMachines/Client/Makefile&quot;  VERBOSE=1 all"/>
					<CompileFile command="/usr/bin/make -j12 -f &quot;/home/hugo/Escritorio/MicroMachines/Client/Makefile&quot;  VERBOSE=1 &quot;$file&quot;"/>
					<Clean command="/usr/bin/make -j12 -f &quot;/home/hugo/Escritorio/MicroMachines/Client/Makefile&quot;  VERBOSE=1 clean"/>
					<DistClean command="/usr/bin/make -j12 -f &quot;/home/hugo/Escritorio/MicroMachines/Client/Makefile&quot;  VERBOSE=1 clean"/>
				</MakeCommands>
			</Target>
			<Target title="install/strip">
				<Option working_dir="/home/hugo/Escritorio/MicroMachines/Client"/>
				<Option type="4"/>
				<MakeCommands>
					<Build command="/usr/bin/make -j12 -f &quot;/home/hugo/Escritorio/MicroMachines/Client/Makefile&quot;  VERBOSE=1 install/strip"/>
					<CompileFile command="/usr/bin/make -j12 -f &quot;/home/hugo/Escritorio/MicroMachines/Client/Makefile&quot;  VERBOSE=1 &quot;$file&quot;"/>
					<Clean command="/usr/bin/make -j12 -f &quot;/home/hugo/Escritorio/MicroMachines/Client/Makefile&quot;  VERBOSE=1 clean"/>
					<DistClean command="/usr/bin/make -j12 -f &quot;/home/hugo/Escritorio/MicroMachines/Client/Makefile&quot;  VERBOSE=1 clean"/>
				</MakeCommands>
			</Target>
			<Target title="edit_cache">
				<Option working_dir="/home/hugo/Escritorio/MicroMachines/Client"/>
				<Option type="4"/>
				<MakeCommands>
					<Build command="/usr/bin/make -j12 -f &quot;/home/hugo/Escritorio/MicroMachines/Client/Makefile&quot;  VERBOSE=1 edit_cache"/>
					<CompileFile command="/usr/bin/make -j12 -f &quot;/home/hugo/Escritorio/MicroMachines/Client/Makefile&quot;  VERBOSE=1 &quot;$file&quot;"/>
					<Clean command="/usr/bin/make -j12 -f &quot;/home/hugo/Escritorio/MicroMachines/Client/Makefile&quot;  VERBOSE=1 clean"/>
					<DistClean command="/usr/bin/make -j12 -f &quot;/home/hugo/Escritorio/MicroMachines/Client/Makefile&quot;  VERBOSE=1 clean"/>
				</MakeCommands>
			</Target>
			<Target title="install">
				<Option working_dir="/home/hugo/Escritorio/MicroMachines/Client"/>
				<Option type="4"/>
				<MakeCommands>
					<Build command="/usr/bin/make -j12 -f &quot;/home/hugo/Escritorio/MicroMachines/Client/Makefile&quot;  VERBOSE=1 install"/>
					<CompileFile command="/usr/bin/make -j12 -f &quot;/home/hugo/Escritorio/MicroMachines/Client/Makefile&quot;  VERBOSE=1 &quot;$file&quot;"/>
					<Clean command="/usr/bin/make -j12 -f &quot;/home/hugo/Escritorio/MicroMachines/Client/Makefile&quot;  VERBOSE=1 clean"/>
					<DistClean command="/usr/bin/make -j12 -f &quot;/home/hugo/Escritorio/MicroMachines/Client/Makefile&quot;  VERBOSE=1 clean"/>
				</MakeCommands>
			</Target>
			<Target title="rebuild_cache">
				<Option working_dir="/home/hugo/Escritorio/MicroMachines/Client"/>
				<Option type="4"/>
				<MakeCommands>
					<Build command="/usr/bin/make -j12 -f &quot;/home/hugo/Escritorio/MicroMachines/Client/Makefile&quot;  VERBOSE=1 rebuild_cache"/>
					<CompileFile command="/usr/bin/make -j12 -f &quot;/home/hugo/Escritorio/MicroMachines/Client/Makefile&quot;  VERBOSE=1 &quot;$file&quot;"/>
					<Clean command="/usr/bin/make -j12 -f &quot;/home/hugo/Escritorio/MicroMachines/Client/Makefile&quot;  VERBOSE=1 clean"/>
					<DistClean command="/usr/bin/make -j12 -f &quot;/home/hugo/Escritorio/MicroMachines/Client/Makefile&quot;  VERBOSE=1 clean"/>
				</MakeCommands>
			</Target>
			<Target title="list_install_components">
				<Option working_dir="/home/hugo/Escritorio/MicroMachines/Client"/>
				<Option type="4"/>
				<MakeCommands>
					<Build command="/usr/bin/make -j12 -f &quot;/home/hugo/Escritorio/MicroMachines/Client/Makefile&quot;  VERBOSE=1 list_install_components"/>
					<CompileFile command="/usr/bin/make -j12 -f &quot;/home/hugo/Escritorio/MicroMachines/Client/Makefile&quot;  VERBOSE=1 &quot;$file&quot;"/>
					<Clean command="/usr/bin/make -j12 -f &quot;/home/hugo/Escritorio/MicroMachines/Client/Makefile&quot;  VERBOSE=1 clean"/>
					<DistClean command="/usr/bin/make -j12 -f &quot;/home/hugo/Escritorio/MicroMachines/Client/Makefile&quot;  VERBOSE=1 clean"/>
				</MakeCommands>
			</Target>
			<Target title="client">
				<Option output="/home/hugo/Escritorio/MicroMachines/Client/client" prefix_auto="0" extension_auto="0"/>
				<Option working_dir="/home/hugo/Escritorio/MicroMachines/Client"/>
				<Option object_output="./"/>
				<Option type="1"/>
				<Option compiler="gcc"/>
				<Compiler>
					<Add directory="/home/hugo/Escritorio/MicroMachines/Client/include"/>
					<Add directory="/usr/include/c++/7"/>
					<Add directory="/usr/include/x86_64-linux-gnu/c++/7"/>
					<Add directory="/usr/include/c++/7/backward"/>
					<Add directory="/usr/lib/gcc/x86_64-linux-gnu/7/include"/>
					<Add directory="/usr/local/include"/>
					<Add directory="/usr/lib/gcc/x86_64-linux-gnu/7/include-fixed"/>
					<Add directory="/usr/include/x86_64-linux-gnu"/>
					<Add directory="/usr/include"/>
				</Compiler>
				<MakeCommands>
					<Build command="/usr/bin/make -j12 -f &quot;/home/hugo/Escritorio/MicroMachines/Client/Makefile&quot;  VERBOSE=1 client"/>
					<CompileFile command="/usr/bin/make -j12 -f &quot;/home/hugo/Escritorio/MicroMachines/Client/Makefile&quot;  VERBOSE=1 &quot;$file&quot;"/>
					<Clean command="/usr/bin/make -j12 -f &quot;/home/hugo/Escritorio/MicroMachines/Client/Makefile&quot;  VERBOSE=1 clean"/>
					<DistClean command="/usr/bin/make -j12 -f &quot;/home/hugo/Escritorio/MicroMachines/Client/Makefile&quot;  VERBOSE=1 clean"/>
				</MakeCommands>
			</Target>
			<Target title="client/fast">
				<Option output="/home/hugo/Escritorio/MicroMachines/Client/client" prefix_auto="0" extension_auto="0"/>
				<Option working_dir="/home/hugo/Escritorio/MicroMachines/Client"/>
				<Option object_output="./"/>
				<Option type="1"/>
				<Option compiler="gcc"/>
				<Compiler>
					<Add directory="/home/hugo/Escritorio/MicroMachines/Client/include"/>
					<Add directory="/usr/include/c++/7"/>
					<Add directory="/usr/include/x86_64-linux-gnu/c++/7"/>
					<Add directory="/usr/include/c++/7/backward"/>
					<Add directory="/usr/lib/gcc/x86_64-linux-gnu/7/include"/>
					<Add directory="/usr/local/include"/>
					<Add directory="/usr/lib/gcc/x86_64-linux-gnu/7/include-fixed"/>
					<Add directory="/usr/include/x86_64-linux-gnu"/>
					<Add directory="/usr/include"/>
				</Compiler>
				<MakeCommands>
					<Build command="/usr/bin/make -j12 -f &quot;/home/hugo/Escritorio/MicroMachines/Client/Makefile&quot;  VERBOSE=1 client/fast"/>
					<CompileFile command="/usr/bin/make -j12 -f &quot;/home/hugo/Escritorio/MicroMachines/Client/Makefile&quot;  VERBOSE=1 &quot;$file&quot;"/>
					<Clean command="/usr/bin/make -j12 -f &quot;/home/hugo/Escritorio/MicroMachines/Client/Makefile&quot;  VERBOSE=1 clean"/>
					<DistClean command="/usr/bin/make -j12 -f &quot;/home/hugo/Escritorio/MicroMachines/Client/Makefile&quot;  VERBOSE=1 clean"/>
				</MakeCommands>
			</Target>
			<Target title="install/local">
				<Option working_dir="/home/hugo/Escritorio/MicroMachines/Client"/>
				<Option type="4"/>
				<MakeCommands>
					<Build command="/usr/bin/make -j12 -f &quot;/home/hugo/Escritorio/MicroMachines/Client/Makefile&quot;  VERBOSE=1 install/local"/>
					<CompileFile command="/usr/bin/make -j12 -f &quot;/home/hugo/Escritorio/MicroMachines/Client/Makefile&quot;  VERBOSE=1 &quot;$file&quot;"/>
					<Clean command="/usr/bin/make -j12 -f &quot;/home/hugo/Escritorio/MicroMachines/Client/Makefile&quot;  VERBOSE=1 clean"/>
					<DistClean command="/usr/bin/make -j12 -f &quot;/home/hugo/Escritorio/MicroMachines/Client/Makefile&quot;  VERBOSE=1 clean"/>
				</MakeCommands>
			</Target>
		</Build>
		<Unit filename="/home/hugo/Escritorio/MicroMachines/Client/Comandos/AdministradorComandos.cpp">
			<Option target="client"/>
		</Unit>
		<Unit filename="/home/hugo/Escritorio/MicroMachines/Client/Comandos/AdministradorComandos.h">
			<Option target="client"/>
		</Unit>
		<Unit filename="/home/hugo/Escritorio/MicroMachines/Client/Comandos/Comando.h">
			<Option target="client"/>
		</Unit>
		<Unit filename="/home/hugo/Escritorio/MicroMachines/Client/Comandos/ComandoAcelerar.cpp">
			<Option target="client"/>
		</Unit>
		<Unit filename="/home/hugo/Escritorio/MicroMachines/Client/Comandos/ComandoAcelerar.h">
			<Option target="client"/>
		</Unit>
		<Unit filename="/home/hugo/Escritorio/MicroMachines/Client/Comandos/ComandoCerrar.cpp">
			<Option target="client"/>
		</Unit>
		<Unit filename="/home/hugo/Escritorio/MicroMachines/Client/Comandos/ComandoCerrar.h">
			<Option target="client"/>
		</Unit>
		<Unit filename="/home/hugo/Escritorio/MicroMachines/Client/Comandos/ComandoDerecha.cpp">
			<Option target="client"/>
		</Unit>
		<Unit filename="/home/hugo/Escritorio/MicroMachines/Client/Comandos/ComandoDerecha.h">
			<Option target="client"/>
		</Unit>
		<Unit filename="/home/hugo/Escritorio/MicroMachines/Client/Comandos/ComandoFrenar.cpp">
			<Option target="client"/>
		</Unit>
		<Unit filename="/home/hugo/Escritorio/MicroMachines/Client/Comandos/ComandoFrenar.h">
			<Option target="client"/>
		</Unit>
		<Unit filename="/home/hugo/Escritorio/MicroMachines/Client/Comandos/ComandoIniciarPartida.cpp">
			<Option target="client"/>
		</Unit>
		<Unit filename="/home/hugo/Escritorio/MicroMachines/Client/Comandos/ComandoIniciarPartida.h">
			<Option target="client"/>
		</Unit>
		<Unit filename="/home/hugo/Escritorio/MicroMachines/Client/Comandos/ComandoIzquierda.cpp">
			<Option target="client"/>
		</Unit>
		<Unit filename="/home/hugo/Escritorio/MicroMachines/Client/Comandos/ComandoIzquierda.h">
			<Option target="client"/>
		</Unit>
		<Unit filename="/home/hugo/Escritorio/MicroMachines/Client/Excepciones/ExcepcionConPos.h">
			<Option target="client"/>
		</Unit>
		<Unit filename="/home/hugo/Escritorio/MicroMachines/Client/Hilo.h">
			<Option target="client"/>
		</Unit>
		<Unit filename="/home/hugo/Escritorio/MicroMachines/Client/HiloMenu.cpp">
			<Option target="client"/>
		</Unit>
		<Unit filename="/home/hugo/Escritorio/MicroMachines/Client/HiloMenu.h">
			<Option target="client"/>
		</Unit>
		<Unit filename="/home/hugo/Escritorio/MicroMachines/Client/Juego/Auto.cpp">
			<Option target="client"/>
		</Unit>
		<Unit filename="/home/hugo/Escritorio/MicroMachines/Client/Juego/Auto.h">
			<Option target="client"/>
		</Unit>
		<Unit filename="/home/hugo/Escritorio/MicroMachines/Client/Juego/Juego.cpp">
			<Option target="client"/>
		</Unit>
		<Unit filename="/home/hugo/Escritorio/MicroMachines/Client/Juego/Juego.h">
			<Option target="client"/>
		</Unit>
		<Unit filename="/home/hugo/Escritorio/MicroMachines/Client/Juego/Partida.cpp">
			<Option target="client"/>
		</Unit>
		<Unit filename="/home/hugo/Escritorio/MicroMachines/Client/Juego/Partida.h">
			<Option target="client"/>
		</Unit>
		<Unit filename="/home/hugo/Escritorio/MicroMachines/Client/Juego/Pista.cpp">
			<Option target="client"/>
		</Unit>
		<Unit filename="/home/hugo/Escritorio/MicroMachines/Client/Juego/Pista.h">
			<Option target="client"/>
		</Unit>
		<Unit filename="/home/hugo/Escritorio/MicroMachines/Client/Lector/HiloLector.cpp">
			<Option target="client"/>
		</Unit>
		<Unit filename="/home/hugo/Escritorio/MicroMachines/Client/Lector/HiloLector.h">
			<Option target="client"/>
		</Unit>
		<Unit filename="/home/hugo/Escritorio/MicroMachines/Client/Lector/LectorTeclado.cpp">
			<Option target="client"/>
		</Unit>
		<Unit filename="/home/hugo/Escritorio/MicroMachines/Client/Lector/LectorTeclado.h">
			<Option target="client"/>
		</Unit>
		<Unit filename="/home/hugo/Escritorio/MicroMachines/Client/Sdl/Posicion.cpp">
			<Option target="client"/>
		</Unit>
		<Unit filename="/home/hugo/Escritorio/MicroMachines/Client/Sdl/Posicion.h">
			<Option target="client"/>
		</Unit>
		<Unit filename="/home/hugo/Escritorio/MicroMachines/Client/Sdl/Renderizador.cpp">
			<Option target="client"/>
		</Unit>
		<Unit filename="/home/hugo/Escritorio/MicroMachines/Client/Sdl/Renderizador.h">
			<Option target="client"/>
		</Unit>
		<Unit filename="/home/hugo/Escritorio/MicroMachines/Client/Sdl/Textura.cpp">
			<Option target="client"/>
		</Unit>
		<Unit filename="/home/hugo/Escritorio/MicroMachines/Client/Sdl/Textura.h">
			<Option target="client"/>
		</Unit>
		<Unit filename="/home/hugo/Escritorio/MicroMachines/Client/Sdl/Ventana.cpp">
			<Option target="client"/>
		</Unit>
		<Unit filename="/home/hugo/Escritorio/MicroMachines/Client/Sdl/Ventana.h">
			<Option target="client"/>
		</Unit>
		<Unit filename="/home/hugo/Escritorio/MicroMachines/Client/Sockets/Protocolo.cpp">
			<Option target="client"/>
		</Unit>
		<Unit filename="/home/hugo/Escritorio/MicroMachines/Client/Sockets/Protocolo.h">
			<Option target="client"/>
		</Unit>
		<Unit filename="/home/hugo/Escritorio/MicroMachines/Client/Sockets/ServidorProxy.cpp">
			<Option target="client"/>
		</Unit>
		<Unit filename="/home/hugo/Escritorio/MicroMachines/Client/Sockets/ServidorProxy.h">
			<Option target="client"/>
		</Unit>
		<Unit filename="/home/hugo/Escritorio/MicroMachines/Client/Sockets/SocketActivo.cpp">
			<Option target="client"/>
		</Unit>
		<Unit filename="/home/hugo/Escritorio/MicroMachines/Client/Sockets/SocketActivo.h">
			<Option target="client"/>
		</Unit>
		<Unit filename="/home/hugo/Escritorio/MicroMachines/Client/Sockets/SocketAmigo.cpp">
			<Option target="client"/>
		</Unit>
		<Unit filename="/home/hugo/Escritorio/MicroMachines/Client/Sockets/SocketAmigo.h">
			<Option target="client"/>
		</Unit>
		<Unit filename="/home/hugo/Escritorio/MicroMachines/Client/Sockets/SocketException.cpp">
			<Option target="client"/>
		</Unit>
		<Unit filename="/home/hugo/Escritorio/MicroMachines/Client/Sockets/SocketException.h">
			<Option target="client"/>
		</Unit>
		<Unit filename="/home/hugo/Escritorio/MicroMachines/Client/Sockets/SocketPeerException.cpp">
			<Option target="client"/>
		</Unit>
		<Unit filename="/home/hugo/Escritorio/MicroMachines/Client/Sockets/SocketPeerException.h">
			<Option target="client"/>
		</Unit>
		<Unit filename="/home/hugo/Escritorio/MicroMachines/Client/Sockets/Utilidades.cpp">
			<Option target="client"/>
		</Unit>
		<Unit filename="/home/hugo/Escritorio/MicroMachines/Client/Sockets/Utilidades.h">
			<Option target="client"/>
		</Unit>
		<Unit filename="/home/hugo/Escritorio/MicroMachines/Client/Vista/Camara.cpp">
			<Option target="client"/>
		</Unit>
		<Unit filename="/home/hugo/Escritorio/MicroMachines/Client/Vista/Camara.h">
			<Option target="client"/>
		</Unit>
		<Unit filename="/home/hugo/Escritorio/MicroMachines/Client/Vista/HiloReceptor.cpp">
			<Option target="client"/>
		</Unit>
		<Unit filename="/home/hugo/Escritorio/MicroMachines/Client/Vista/HiloReceptor.h">
			<Option target="client"/>
		</Unit>
		<Unit filename="/home/hugo/Escritorio/MicroMachines/Client/Vista/HiloVisualizacion.cpp">
			<Option target="client"/>
		</Unit>
		<Unit filename="/home/hugo/Escritorio/MicroMachines/Client/Vista/HiloVisualizacion.h">
			<Option target="client"/>
		</Unit>
		<Unit filename="/home/hugo/Escritorio/MicroMachines/Client/main.cpp">
			<Option target="client"/>
		</Unit>
		<Unit filename="/home/hugo/Escritorio/MicroMachines/Client/CMakeLists.txt">
			<Option virtualFolder="CMake Files\"/>
		</Unit>
	</Project>
</CodeBlocks_project_file>
