<?xml version="1.0" encoding="UTF-8"?>
<CodeBlocks_project_file>
	<FileVersion major="1" minor="6"/>
	<Project>
		<Option title="Servidor"/>
		<Option makefile_is_custom="1"/>
		<Option compiler="gcc"/>
		<Option virtualFolders="CMake Files\;CMake Files\3rd_party\;CMake Files\3rd_party\Box2D-cmake\;"/>
		<Build>
			<Target title="all">
				<Option working_dir="/home/hugo/Escritorio/MicroMachines/Servidor"/>
				<Option type="4"/>
				<MakeCommands>
					<Build command="/usr/bin/make -f &quot;/home/hugo/Escritorio/MicroMachines/Servidor/Makefile&quot;  VERBOSE=1 all"/>
					<CompileFile command="/usr/bin/make -f &quot;/home/hugo/Escritorio/MicroMachines/Servidor/Makefile&quot;  VERBOSE=1 &quot;$file&quot;"/>
					<Clean command="/usr/bin/make -f &quot;/home/hugo/Escritorio/MicroMachines/Servidor/Makefile&quot;  VERBOSE=1 clean"/>
					<DistClean command="/usr/bin/make -f &quot;/home/hugo/Escritorio/MicroMachines/Servidor/Makefile&quot;  VERBOSE=1 clean"/>
				</MakeCommands>
			</Target>
			<Target title="rebuild_cache">
				<Option working_dir="/home/hugo/Escritorio/MicroMachines/Servidor"/>
				<Option type="4"/>
				<MakeCommands>
					<Build command="/usr/bin/make -f &quot;/home/hugo/Escritorio/MicroMachines/Servidor/Makefile&quot;  VERBOSE=1 rebuild_cache"/>
					<CompileFile command="/usr/bin/make -f &quot;/home/hugo/Escritorio/MicroMachines/Servidor/Makefile&quot;  VERBOSE=1 &quot;$file&quot;"/>
					<Clean command="/usr/bin/make -f &quot;/home/hugo/Escritorio/MicroMachines/Servidor/Makefile&quot;  VERBOSE=1 clean"/>
					<DistClean command="/usr/bin/make -f &quot;/home/hugo/Escritorio/MicroMachines/Servidor/Makefile&quot;  VERBOSE=1 clean"/>
				</MakeCommands>
			</Target>
			<Target title="tp">
				<Option output="/home/hugo/Escritorio/MicroMachines/Servidor/tp" prefix_auto="0" extension_auto="0"/>
				<Option working_dir="/home/hugo/Escritorio/MicroMachines/Servidor"/>
				<Option object_output="./"/>
				<Option type="1"/>
				<Option compiler="gcc"/>
				<Compiler>
					<Add directory="/home/hugo/Escritorio/MicroMachines/Servidor/3rd_party/Box2D-cmake/Box2D"/>
				</Compiler>
				<MakeCommands>
					<Build command="/usr/bin/make -f &quot;/home/hugo/Escritorio/MicroMachines/Servidor/Makefile&quot;  VERBOSE=1 tp"/>
					<CompileFile command="/usr/bin/make -f &quot;/home/hugo/Escritorio/MicroMachines/Servidor/Makefile&quot;  VERBOSE=1 &quot;$file&quot;"/>
					<Clean command="/usr/bin/make -f &quot;/home/hugo/Escritorio/MicroMachines/Servidor/Makefile&quot;  VERBOSE=1 clean"/>
					<DistClean command="/usr/bin/make -f &quot;/home/hugo/Escritorio/MicroMachines/Servidor/Makefile&quot;  VERBOSE=1 clean"/>
				</MakeCommands>
			</Target>
			<Target title="tp/fast">
				<Option output="/home/hugo/Escritorio/MicroMachines/Servidor/tp" prefix_auto="0" extension_auto="0"/>
				<Option working_dir="/home/hugo/Escritorio/MicroMachines/Servidor"/>
				<Option object_output="./"/>
				<Option type="1"/>
				<Option compiler="gcc"/>
				<Compiler>
					<Add directory="/home/hugo/Escritorio/MicroMachines/Servidor/3rd_party/Box2D-cmake/Box2D"/>
				</Compiler>
				<MakeCommands>
					<Build command="/usr/bin/make -f &quot;/home/hugo/Escritorio/MicroMachines/Servidor/Makefile&quot;  VERBOSE=1 tp/fast"/>
					<CompileFile command="/usr/bin/make -f &quot;/home/hugo/Escritorio/MicroMachines/Servidor/Makefile&quot;  VERBOSE=1 &quot;$file&quot;"/>
					<Clean command="/usr/bin/make -f &quot;/home/hugo/Escritorio/MicroMachines/Servidor/Makefile&quot;  VERBOSE=1 clean"/>
					<DistClean command="/usr/bin/make -f &quot;/home/hugo/Escritorio/MicroMachines/Servidor/Makefile&quot;  VERBOSE=1 clean"/>
				</MakeCommands>
			</Target>
			<Target title="edit_cache">
				<Option working_dir="/home/hugo/Escritorio/MicroMachines/Servidor"/>
				<Option type="4"/>
				<MakeCommands>
					<Build command="/usr/bin/make -f &quot;/home/hugo/Escritorio/MicroMachines/Servidor/Makefile&quot;  VERBOSE=1 edit_cache"/>
					<CompileFile command="/usr/bin/make -f &quot;/home/hugo/Escritorio/MicroMachines/Servidor/Makefile&quot;  VERBOSE=1 &quot;$file&quot;"/>
					<Clean command="/usr/bin/make -f &quot;/home/hugo/Escritorio/MicroMachines/Servidor/Makefile&quot;  VERBOSE=1 clean"/>
					<DistClean command="/usr/bin/make -f &quot;/home/hugo/Escritorio/MicroMachines/Servidor/Makefile&quot;  VERBOSE=1 clean"/>
				</MakeCommands>
			</Target>
			<Target title="Box2D-cmake">
				<Option output="/home/hugo/Escritorio/MicroMachines/Servidor/3rd_party/Box2D-cmake/libBox2D-cmake.a" prefix_auto="0" extension_auto="0"/>
				<Option working_dir="/home/hugo/Escritorio/MicroMachines/Servidor/3rd_party/Box2D-cmake"/>
				<Option object_output="./"/>
				<Option type="2"/>
				<Option compiler="gcc"/>
				<Compiler>
					<Add directory="/home/hugo/Escritorio/MicroMachines/Servidor/3rd_party/Box2D-cmake/Box2D"/>
				</Compiler>
				<MakeCommands>
					<Build command="/usr/bin/make -f &quot;/home/hugo/Escritorio/MicroMachines/Servidor/3rd_party/Box2D-cmake/Makefile&quot;  VERBOSE=1 Box2D-cmake"/>
					<CompileFile command="/usr/bin/make -f &quot;/home/hugo/Escritorio/MicroMachines/Servidor/3rd_party/Box2D-cmake/Makefile&quot;  VERBOSE=1 &quot;$file&quot;"/>
					<Clean command="/usr/bin/make -f &quot;/home/hugo/Escritorio/MicroMachines/Servidor/3rd_party/Box2D-cmake/Makefile&quot;  VERBOSE=1 clean"/>
					<DistClean command="/usr/bin/make -f &quot;/home/hugo/Escritorio/MicroMachines/Servidor/3rd_party/Box2D-cmake/Makefile&quot;  VERBOSE=1 clean"/>
				</MakeCommands>
			</Target>
			<Target title="Box2D-cmake/fast">
				<Option output="/home/hugo/Escritorio/MicroMachines/Servidor/3rd_party/Box2D-cmake/libBox2D-cmake.a" prefix_auto="0" extension_auto="0"/>
				<Option working_dir="/home/hugo/Escritorio/MicroMachines/Servidor/3rd_party/Box2D-cmake"/>
				<Option object_output="./"/>
				<Option type="2"/>
				<Option compiler="gcc"/>
				<Compiler>
					<Add directory="/home/hugo/Escritorio/MicroMachines/Servidor/3rd_party/Box2D-cmake/Box2D"/>
				</Compiler>
				<MakeCommands>
					<Build command="/usr/bin/make -f &quot;/home/hugo/Escritorio/MicroMachines/Servidor/3rd_party/Box2D-cmake/Makefile&quot;  VERBOSE=1 Box2D-cmake/fast"/>
					<CompileFile command="/usr/bin/make -f &quot;/home/hugo/Escritorio/MicroMachines/Servidor/3rd_party/Box2D-cmake/Makefile&quot;  VERBOSE=1 &quot;$file&quot;"/>
					<Clean command="/usr/bin/make -f &quot;/home/hugo/Escritorio/MicroMachines/Servidor/3rd_party/Box2D-cmake/Makefile&quot;  VERBOSE=1 clean"/>
					<DistClean command="/usr/bin/make -f &quot;/home/hugo/Escritorio/MicroMachines/Servidor/3rd_party/Box2D-cmake/Makefile&quot;  VERBOSE=1 clean"/>
				</MakeCommands>
			</Target>
		</Build>
		<Unit filename="/home/hugo/Escritorio/MicroMachines/Servidor/3rd_party/Box2D-cmake/Box2D/Box2D/Collision/Shapes/b2ChainShape.cpp">
			<Option target="Box2D-cmake"/>
		</Unit>
		<Unit filename="/home/hugo/Escritorio/MicroMachines/Servidor/3rd_party/Box2D-cmake/Box2D/Box2D/Collision/Shapes/b2ChainShape.h">
			<Option target="Box2D-cmake"/>
		</Unit>
		<Unit filename="/home/hugo/Escritorio/MicroMachines/Servidor/3rd_party/Box2D-cmake/Box2D/Box2D/Collision/Shapes/b2CircleShape.cpp">
			<Option target="Box2D-cmake"/>
		</Unit>
		<Unit filename="/home/hugo/Escritorio/MicroMachines/Servidor/3rd_party/Box2D-cmake/Box2D/Box2D/Collision/Shapes/b2CircleShape.h">
			<Option target="Box2D-cmake"/>
		</Unit>
		<Unit filename="/home/hugo/Escritorio/MicroMachines/Servidor/3rd_party/Box2D-cmake/Box2D/Box2D/Collision/Shapes/b2EdgeShape.cpp">
			<Option target="Box2D-cmake"/>
		</Unit>
		<Unit filename="/home/hugo/Escritorio/MicroMachines/Servidor/3rd_party/Box2D-cmake/Box2D/Box2D/Collision/Shapes/b2EdgeShape.h">
			<Option target="Box2D-cmake"/>
		</Unit>
		<Unit filename="/home/hugo/Escritorio/MicroMachines/Servidor/3rd_party/Box2D-cmake/Box2D/Box2D/Collision/Shapes/b2PolygonShape.cpp">
			<Option target="Box2D-cmake"/>
		</Unit>
		<Unit filename="/home/hugo/Escritorio/MicroMachines/Servidor/3rd_party/Box2D-cmake/Box2D/Box2D/Collision/Shapes/b2PolygonShape.h">
			<Option target="Box2D-cmake"/>
		</Unit>
		<Unit filename="/home/hugo/Escritorio/MicroMachines/Servidor/3rd_party/Box2D-cmake/Box2D/Box2D/Collision/b2BroadPhase.cpp">
			<Option target="Box2D-cmake"/>
		</Unit>
		<Unit filename="/home/hugo/Escritorio/MicroMachines/Servidor/3rd_party/Box2D-cmake/Box2D/Box2D/Collision/b2BroadPhase.h">
			<Option target="Box2D-cmake"/>
		</Unit>
		<Unit filename="/home/hugo/Escritorio/MicroMachines/Servidor/3rd_party/Box2D-cmake/Box2D/Box2D/Collision/b2CollideCircle.cpp">
			<Option target="Box2D-cmake"/>
		</Unit>
		<Unit filename="/home/hugo/Escritorio/MicroMachines/Servidor/3rd_party/Box2D-cmake/Box2D/Box2D/Collision/b2CollideEdge.cpp">
			<Option target="Box2D-cmake"/>
		</Unit>
		<Unit filename="/home/hugo/Escritorio/MicroMachines/Servidor/3rd_party/Box2D-cmake/Box2D/Box2D/Collision/b2CollidePolygon.cpp">
			<Option target="Box2D-cmake"/>
		</Unit>
		<Unit filename="/home/hugo/Escritorio/MicroMachines/Servidor/3rd_party/Box2D-cmake/Box2D/Box2D/Collision/b2Collision.cpp">
			<Option target="Box2D-cmake"/>
		</Unit>
		<Unit filename="/home/hugo/Escritorio/MicroMachines/Servidor/3rd_party/Box2D-cmake/Box2D/Box2D/Collision/b2Collision.h">
			<Option target="Box2D-cmake"/>
		</Unit>
		<Unit filename="/home/hugo/Escritorio/MicroMachines/Servidor/3rd_party/Box2D-cmake/Box2D/Box2D/Collision/b2Distance.cpp">
			<Option target="Box2D-cmake"/>
		</Unit>
		<Unit filename="/home/hugo/Escritorio/MicroMachines/Servidor/3rd_party/Box2D-cmake/Box2D/Box2D/Collision/b2Distance.h">
			<Option target="Box2D-cmake"/>
		</Unit>
		<Unit filename="/home/hugo/Escritorio/MicroMachines/Servidor/3rd_party/Box2D-cmake/Box2D/Box2D/Collision/b2DynamicTree.cpp">
			<Option target="Box2D-cmake"/>
		</Unit>
		<Unit filename="/home/hugo/Escritorio/MicroMachines/Servidor/3rd_party/Box2D-cmake/Box2D/Box2D/Collision/b2DynamicTree.h">
			<Option target="Box2D-cmake"/>
		</Unit>
		<Unit filename="/home/hugo/Escritorio/MicroMachines/Servidor/3rd_party/Box2D-cmake/Box2D/Box2D/Collision/b2TimeOfImpact.cpp">
			<Option target="Box2D-cmake"/>
		</Unit>
		<Unit filename="/home/hugo/Escritorio/MicroMachines/Servidor/3rd_party/Box2D-cmake/Box2D/Box2D/Collision/b2TimeOfImpact.h">
			<Option target="Box2D-cmake"/>
		</Unit>
		<Unit filename="/home/hugo/Escritorio/MicroMachines/Servidor/3rd_party/Box2D-cmake/Box2D/Box2D/Common/b2BlockAllocator.cpp">
			<Option target="Box2D-cmake"/>
		</Unit>
		<Unit filename="/home/hugo/Escritorio/MicroMachines/Servidor/3rd_party/Box2D-cmake/Box2D/Box2D/Common/b2BlockAllocator.h">
			<Option target="Box2D-cmake"/>
		</Unit>
		<Unit filename="/home/hugo/Escritorio/MicroMachines/Servidor/3rd_party/Box2D-cmake/Box2D/Box2D/Common/b2Draw.cpp">
			<Option target="Box2D-cmake"/>
		</Unit>
		<Unit filename="/home/hugo/Escritorio/MicroMachines/Servidor/3rd_party/Box2D-cmake/Box2D/Box2D/Common/b2Draw.h">
			<Option target="Box2D-cmake"/>
		</Unit>
		<Unit filename="/home/hugo/Escritorio/MicroMachines/Servidor/3rd_party/Box2D-cmake/Box2D/Box2D/Common/b2Math.cpp">
			<Option target="Box2D-cmake"/>
		</Unit>
		<Unit filename="/home/hugo/Escritorio/MicroMachines/Servidor/3rd_party/Box2D-cmake/Box2D/Box2D/Common/b2Math.h">
			<Option target="Box2D-cmake"/>
		</Unit>
		<Unit filename="/home/hugo/Escritorio/MicroMachines/Servidor/3rd_party/Box2D-cmake/Box2D/Box2D/Common/b2Settings.cpp">
			<Option target="Box2D-cmake"/>
		</Unit>
		<Unit filename="/home/hugo/Escritorio/MicroMachines/Servidor/3rd_party/Box2D-cmake/Box2D/Box2D/Common/b2Settings.h">
			<Option target="Box2D-cmake"/>
		</Unit>
		<Unit filename="/home/hugo/Escritorio/MicroMachines/Servidor/3rd_party/Box2D-cmake/Box2D/Box2D/Common/b2StackAllocator.cpp">
			<Option target="Box2D-cmake"/>
		</Unit>
		<Unit filename="/home/hugo/Escritorio/MicroMachines/Servidor/3rd_party/Box2D-cmake/Box2D/Box2D/Common/b2StackAllocator.h">
			<Option target="Box2D-cmake"/>
		</Unit>
		<Unit filename="/home/hugo/Escritorio/MicroMachines/Servidor/3rd_party/Box2D-cmake/Box2D/Box2D/Common/b2Timer.cpp">
			<Option target="Box2D-cmake"/>
		</Unit>
		<Unit filename="/home/hugo/Escritorio/MicroMachines/Servidor/3rd_party/Box2D-cmake/Box2D/Box2D/Common/b2Timer.h">
			<Option target="Box2D-cmake"/>
		</Unit>
		<Unit filename="/home/hugo/Escritorio/MicroMachines/Servidor/3rd_party/Box2D-cmake/Box2D/Box2D/Dynamics/Contacts/b2ChainAndCircleContact.cpp">
			<Option target="Box2D-cmake"/>
		</Unit>
		<Unit filename="/home/hugo/Escritorio/MicroMachines/Servidor/3rd_party/Box2D-cmake/Box2D/Box2D/Dynamics/Contacts/b2ChainAndCircleContact.h">
			<Option target="Box2D-cmake"/>
		</Unit>
		<Unit filename="/home/hugo/Escritorio/MicroMachines/Servidor/3rd_party/Box2D-cmake/Box2D/Box2D/Dynamics/Contacts/b2ChainAndPolygonContact.cpp">
			<Option target="Box2D-cmake"/>
		</Unit>
		<Unit filename="/home/hugo/Escritorio/MicroMachines/Servidor/3rd_party/Box2D-cmake/Box2D/Box2D/Dynamics/Contacts/b2ChainAndPolygonContact.h">
			<Option target="Box2D-cmake"/>
		</Unit>
		<Unit filename="/home/hugo/Escritorio/MicroMachines/Servidor/3rd_party/Box2D-cmake/Box2D/Box2D/Dynamics/Contacts/b2CircleContact.cpp">
			<Option target="Box2D-cmake"/>
		</Unit>
		<Unit filename="/home/hugo/Escritorio/MicroMachines/Servidor/3rd_party/Box2D-cmake/Box2D/Box2D/Dynamics/Contacts/b2CircleContact.h">
			<Option target="Box2D-cmake"/>
		</Unit>
		<Unit filename="/home/hugo/Escritorio/MicroMachines/Servidor/3rd_party/Box2D-cmake/Box2D/Box2D/Dynamics/Contacts/b2Contact.cpp">
			<Option target="Box2D-cmake"/>
		</Unit>
		<Unit filename="/home/hugo/Escritorio/MicroMachines/Servidor/3rd_party/Box2D-cmake/Box2D/Box2D/Dynamics/Contacts/b2Contact.h">
			<Option target="Box2D-cmake"/>
		</Unit>
		<Unit filename="/home/hugo/Escritorio/MicroMachines/Servidor/3rd_party/Box2D-cmake/Box2D/Box2D/Dynamics/Contacts/b2ContactSolver.cpp">
			<Option target="Box2D-cmake"/>
		</Unit>
		<Unit filename="/home/hugo/Escritorio/MicroMachines/Servidor/3rd_party/Box2D-cmake/Box2D/Box2D/Dynamics/Contacts/b2ContactSolver.h">
			<Option target="Box2D-cmake"/>
		</Unit>
		<Unit filename="/home/hugo/Escritorio/MicroMachines/Servidor/3rd_party/Box2D-cmake/Box2D/Box2D/Dynamics/Contacts/b2EdgeAndCircleContact.cpp">
			<Option target="Box2D-cmake"/>
		</Unit>
		<Unit filename="/home/hugo/Escritorio/MicroMachines/Servidor/3rd_party/Box2D-cmake/Box2D/Box2D/Dynamics/Contacts/b2EdgeAndCircleContact.h">
			<Option target="Box2D-cmake"/>
		</Unit>
		<Unit filename="/home/hugo/Escritorio/MicroMachines/Servidor/3rd_party/Box2D-cmake/Box2D/Box2D/Dynamics/Contacts/b2EdgeAndPolygonContact.cpp">
			<Option target="Box2D-cmake"/>
		</Unit>
		<Unit filename="/home/hugo/Escritorio/MicroMachines/Servidor/3rd_party/Box2D-cmake/Box2D/Box2D/Dynamics/Contacts/b2EdgeAndPolygonContact.h">
			<Option target="Box2D-cmake"/>
		</Unit>
		<Unit filename="/home/hugo/Escritorio/MicroMachines/Servidor/3rd_party/Box2D-cmake/Box2D/Box2D/Dynamics/Contacts/b2PolygonAndCircleContact.cpp">
			<Option target="Box2D-cmake"/>
		</Unit>
		<Unit filename="/home/hugo/Escritorio/MicroMachines/Servidor/3rd_party/Box2D-cmake/Box2D/Box2D/Dynamics/Contacts/b2PolygonAndCircleContact.h">
			<Option target="Box2D-cmake"/>
		</Unit>
		<Unit filename="/home/hugo/Escritorio/MicroMachines/Servidor/3rd_party/Box2D-cmake/Box2D/Box2D/Dynamics/Contacts/b2PolygonContact.cpp">
			<Option target="Box2D-cmake"/>
		</Unit>
		<Unit filename="/home/hugo/Escritorio/MicroMachines/Servidor/3rd_party/Box2D-cmake/Box2D/Box2D/Dynamics/Contacts/b2PolygonContact.h">
			<Option target="Box2D-cmake"/>
		</Unit>
		<Unit filename="/home/hugo/Escritorio/MicroMachines/Servidor/3rd_party/Box2D-cmake/Box2D/Box2D/Dynamics/Joints/b2DistanceJoint.cpp">
			<Option target="Box2D-cmake"/>
		</Unit>
		<Unit filename="/home/hugo/Escritorio/MicroMachines/Servidor/3rd_party/Box2D-cmake/Box2D/Box2D/Dynamics/Joints/b2DistanceJoint.h">
			<Option target="Box2D-cmake"/>
		</Unit>
		<Unit filename="/home/hugo/Escritorio/MicroMachines/Servidor/3rd_party/Box2D-cmake/Box2D/Box2D/Dynamics/Joints/b2FrictionJoint.cpp">
			<Option target="Box2D-cmake"/>
		</Unit>
		<Unit filename="/home/hugo/Escritorio/MicroMachines/Servidor/3rd_party/Box2D-cmake/Box2D/Box2D/Dynamics/Joints/b2FrictionJoint.h">
			<Option target="Box2D-cmake"/>
		</Unit>
		<Unit filename="/home/hugo/Escritorio/MicroMachines/Servidor/3rd_party/Box2D-cmake/Box2D/Box2D/Dynamics/Joints/b2GearJoint.cpp">
			<Option target="Box2D-cmake"/>
		</Unit>
		<Unit filename="/home/hugo/Escritorio/MicroMachines/Servidor/3rd_party/Box2D-cmake/Box2D/Box2D/Dynamics/Joints/b2GearJoint.h">
			<Option target="Box2D-cmake"/>
		</Unit>
		<Unit filename="/home/hugo/Escritorio/MicroMachines/Servidor/3rd_party/Box2D-cmake/Box2D/Box2D/Dynamics/Joints/b2Joint.cpp">
			<Option target="Box2D-cmake"/>
		</Unit>
		<Unit filename="/home/hugo/Escritorio/MicroMachines/Servidor/3rd_party/Box2D-cmake/Box2D/Box2D/Dynamics/Joints/b2Joint.h">
			<Option target="Box2D-cmake"/>
		</Unit>
		<Unit filename="/home/hugo/Escritorio/MicroMachines/Servidor/3rd_party/Box2D-cmake/Box2D/Box2D/Dynamics/Joints/b2MotorJoint.cpp">
			<Option target="Box2D-cmake"/>
		</Unit>
		<Unit filename="/home/hugo/Escritorio/MicroMachines/Servidor/3rd_party/Box2D-cmake/Box2D/Box2D/Dynamics/Joints/b2MotorJoint.h">
			<Option target="Box2D-cmake"/>
		</Unit>
		<Unit filename="/home/hugo/Escritorio/MicroMachines/Servidor/3rd_party/Box2D-cmake/Box2D/Box2D/Dynamics/Joints/b2MouseJoint.cpp">
			<Option target="Box2D-cmake"/>
		</Unit>
		<Unit filename="/home/hugo/Escritorio/MicroMachines/Servidor/3rd_party/Box2D-cmake/Box2D/Box2D/Dynamics/Joints/b2MouseJoint.h">
			<Option target="Box2D-cmake"/>
		</Unit>
		<Unit filename="/home/hugo/Escritorio/MicroMachines/Servidor/3rd_party/Box2D-cmake/Box2D/Box2D/Dynamics/Joints/b2PrismaticJoint.cpp">
			<Option target="Box2D-cmake"/>
		</Unit>
		<Unit filename="/home/hugo/Escritorio/MicroMachines/Servidor/3rd_party/Box2D-cmake/Box2D/Box2D/Dynamics/Joints/b2PrismaticJoint.h">
			<Option target="Box2D-cmake"/>
		</Unit>
		<Unit filename="/home/hugo/Escritorio/MicroMachines/Servidor/3rd_party/Box2D-cmake/Box2D/Box2D/Dynamics/Joints/b2PulleyJoint.cpp">
			<Option target="Box2D-cmake"/>
		</Unit>
		<Unit filename="/home/hugo/Escritorio/MicroMachines/Servidor/3rd_party/Box2D-cmake/Box2D/Box2D/Dynamics/Joints/b2PulleyJoint.h">
			<Option target="Box2D-cmake"/>
		</Unit>
		<Unit filename="/home/hugo/Escritorio/MicroMachines/Servidor/3rd_party/Box2D-cmake/Box2D/Box2D/Dynamics/Joints/b2RevoluteJoint.cpp">
			<Option target="Box2D-cmake"/>
		</Unit>
		<Unit filename="/home/hugo/Escritorio/MicroMachines/Servidor/3rd_party/Box2D-cmake/Box2D/Box2D/Dynamics/Joints/b2RevoluteJoint.h">
			<Option target="Box2D-cmake"/>
		</Unit>
		<Unit filename="/home/hugo/Escritorio/MicroMachines/Servidor/3rd_party/Box2D-cmake/Box2D/Box2D/Dynamics/Joints/b2RopeJoint.cpp">
			<Option target="Box2D-cmake"/>
		</Unit>
		<Unit filename="/home/hugo/Escritorio/MicroMachines/Servidor/3rd_party/Box2D-cmake/Box2D/Box2D/Dynamics/Joints/b2RopeJoint.h">
			<Option target="Box2D-cmake"/>
		</Unit>
		<Unit filename="/home/hugo/Escritorio/MicroMachines/Servidor/3rd_party/Box2D-cmake/Box2D/Box2D/Dynamics/Joints/b2WeldJoint.cpp">
			<Option target="Box2D-cmake"/>
		</Unit>
		<Unit filename="/home/hugo/Escritorio/MicroMachines/Servidor/3rd_party/Box2D-cmake/Box2D/Box2D/Dynamics/Joints/b2WeldJoint.h">
			<Option target="Box2D-cmake"/>
		</Unit>
		<Unit filename="/home/hugo/Escritorio/MicroMachines/Servidor/3rd_party/Box2D-cmake/Box2D/Box2D/Dynamics/Joints/b2WheelJoint.cpp">
			<Option target="Box2D-cmake"/>
		</Unit>
		<Unit filename="/home/hugo/Escritorio/MicroMachines/Servidor/3rd_party/Box2D-cmake/Box2D/Box2D/Dynamics/Joints/b2WheelJoint.h">
			<Option target="Box2D-cmake"/>
		</Unit>
		<Unit filename="/home/hugo/Escritorio/MicroMachines/Servidor/3rd_party/Box2D-cmake/Box2D/Box2D/Dynamics/b2Body.cpp">
			<Option target="Box2D-cmake"/>
		</Unit>
		<Unit filename="/home/hugo/Escritorio/MicroMachines/Servidor/3rd_party/Box2D-cmake/Box2D/Box2D/Dynamics/b2Body.h">
			<Option target="Box2D-cmake"/>
		</Unit>
		<Unit filename="/home/hugo/Escritorio/MicroMachines/Servidor/3rd_party/Box2D-cmake/Box2D/Box2D/Dynamics/b2ContactManager.cpp">
			<Option target="Box2D-cmake"/>
		</Unit>
		<Unit filename="/home/hugo/Escritorio/MicroMachines/Servidor/3rd_party/Box2D-cmake/Box2D/Box2D/Dynamics/b2ContactManager.h">
			<Option target="Box2D-cmake"/>
		</Unit>
		<Unit filename="/home/hugo/Escritorio/MicroMachines/Servidor/3rd_party/Box2D-cmake/Box2D/Box2D/Dynamics/b2Fixture.cpp">
			<Option target="Box2D-cmake"/>
		</Unit>
		<Unit filename="/home/hugo/Escritorio/MicroMachines/Servidor/3rd_party/Box2D-cmake/Box2D/Box2D/Dynamics/b2Fixture.h">
			<Option target="Box2D-cmake"/>
		</Unit>
		<Unit filename="/home/hugo/Escritorio/MicroMachines/Servidor/3rd_party/Box2D-cmake/Box2D/Box2D/Dynamics/b2Island.cpp">
			<Option target="Box2D-cmake"/>
		</Unit>
		<Unit filename="/home/hugo/Escritorio/MicroMachines/Servidor/3rd_party/Box2D-cmake/Box2D/Box2D/Dynamics/b2Island.h">
			<Option target="Box2D-cmake"/>
		</Unit>
		<Unit filename="/home/hugo/Escritorio/MicroMachines/Servidor/3rd_party/Box2D-cmake/Box2D/Box2D/Dynamics/b2World.cpp">
			<Option target="Box2D-cmake"/>
		</Unit>
		<Unit filename="/home/hugo/Escritorio/MicroMachines/Servidor/3rd_party/Box2D-cmake/Box2D/Box2D/Dynamics/b2World.h">
			<Option target="Box2D-cmake"/>
		</Unit>
		<Unit filename="/home/hugo/Escritorio/MicroMachines/Servidor/3rd_party/Box2D-cmake/Box2D/Box2D/Dynamics/b2WorldCallbacks.cpp">
			<Option target="Box2D-cmake"/>
		</Unit>
		<Unit filename="/home/hugo/Escritorio/MicroMachines/Servidor/3rd_party/Box2D-cmake/Box2D/Box2D/Dynamics/b2WorldCallbacks.h">
			<Option target="Box2D-cmake"/>
		</Unit>
		<Unit filename="/home/hugo/Escritorio/MicroMachines/Servidor/3rd_party/Box2D-cmake/Box2D/Box2D/Rope/b2Rope.cpp">
			<Option target="Box2D-cmake"/>
		</Unit>
		<Unit filename="/home/hugo/Escritorio/MicroMachines/Servidor/3rd_party/Box2D-cmake/Box2D/Box2D/Rope/b2Rope.h">
			<Option target="Box2D-cmake"/>
		</Unit>
		<Unit filename="/home/hugo/Escritorio/MicroMachines/Servidor/3rd_party/Box2D-cmake/Box2D/Testbed/Framework/DebugDraw.cpp">
			<Option target="Box2D-cmake"/>
		</Unit>
		<Unit filename="/home/hugo/Escritorio/MicroMachines/Servidor/3rd_party/Box2D-cmake/Box2D/Testbed/Framework/DebugDraw.h">
			<Option target="Box2D-cmake"/>
		</Unit>
		<Unit filename="/home/hugo/Escritorio/MicroMachines/Servidor/3rd_party/Box2D-cmake/Box2D/Testbed/glad/glad.c">
			<Option target="Box2D-cmake"/>
		</Unit>
		<Unit filename="/home/hugo/Escritorio/MicroMachines/Servidor/3rd_party/Box2D-cmake/Box2D/Testbed/glad/glad.h">
			<Option target="Box2D-cmake"/>
		</Unit>
		<Unit filename="/home/hugo/Escritorio/MicroMachines/Servidor/3rd_party/Box2D-cmake/Box2D/Testbed/imgui/imgui.cpp">
			<Option target="Box2D-cmake"/>
		</Unit>
		<Unit filename="/home/hugo/Escritorio/MicroMachines/Servidor/3rd_party/Box2D-cmake/Box2D/Testbed/imgui/imgui.h">
			<Option target="Box2D-cmake"/>
		</Unit>
		<Unit filename="/home/hugo/Escritorio/MicroMachines/Servidor/3rd_party/Box2D-cmake/Box2D/Testbed/imgui/imgui_demo.cpp">
			<Option target="Box2D-cmake"/>
		</Unit>
		<Unit filename="/home/hugo/Escritorio/MicroMachines/Servidor/3rd_party/Box2D-cmake/Box2D/Testbed/imgui/imgui_draw.cpp">
			<Option target="Box2D-cmake"/>
		</Unit>
		<Unit filename="/home/hugo/Escritorio/MicroMachines/Servidor/3rd_party/Box2D-cmake/Box2D/Testbed/imgui/imgui_impl_glfw_gl3.cpp">
			<Option target="Box2D-cmake"/>
		</Unit>
		<Unit filename="/home/hugo/Escritorio/MicroMachines/Servidor/3rd_party/Box2D-cmake/Box2D/Testbed/imgui/imgui_impl_glfw_gl3.h">
			<Option target="Box2D-cmake"/>
		</Unit>
		<Unit filename="/home/hugo/Escritorio/MicroMachines/Servidor/Acciones/Accion.cpp">
			<Option target="tp"/>
		</Unit>
		<Unit filename="/home/hugo/Escritorio/MicroMachines/Servidor/Acciones/Accion.h">
			<Option target="tp"/>
		</Unit>
		<Unit filename="/home/hugo/Escritorio/MicroMachines/Servidor/Acciones/Acelerar.cpp">
			<Option target="tp"/>
		</Unit>
		<Unit filename="/home/hugo/Escritorio/MicroMachines/Servidor/Acciones/Acelerar.h">
			<Option target="tp"/>
		</Unit>
		<Unit filename="/home/hugo/Escritorio/MicroMachines/Servidor/Acciones/Frenar.cpp">
			<Option target="tp"/>
		</Unit>
		<Unit filename="/home/hugo/Escritorio/MicroMachines/Servidor/Acciones/Frenar.h">
			<Option target="tp"/>
		</Unit>
		<Unit filename="/home/hugo/Escritorio/MicroMachines/Servidor/Acciones/GiroADerecha.cpp">
			<Option target="tp"/>
		</Unit>
		<Unit filename="/home/hugo/Escritorio/MicroMachines/Servidor/Acciones/GiroADerecha.h">
			<Option target="tp"/>
		</Unit>
		<Unit filename="/home/hugo/Escritorio/MicroMachines/Servidor/Acciones/GiroAIzquierda.cpp">
			<Option target="tp"/>
		</Unit>
		<Unit filename="/home/hugo/Escritorio/MicroMachines/Servidor/Acciones/GiroAIzquierda.h">
			<Option target="tp"/>
		</Unit>
		<Unit filename="/home/hugo/Escritorio/MicroMachines/Servidor/Carro/Agarre.cpp">
			<Option target="tp"/>
		</Unit>
		<Unit filename="/home/hugo/Escritorio/MicroMachines/Servidor/Carro/Agarre.h">
			<Option target="tp"/>
		</Unit>
		<Unit filename="/home/hugo/Escritorio/MicroMachines/Servidor/Carro/Carro.cpp">
			<Option target="tp"/>
		</Unit>
		<Unit filename="/home/hugo/Escritorio/MicroMachines/Servidor/Carro/Carro.h">
			<Option target="tp"/>
		</Unit>
		<Unit filename="/home/hugo/Escritorio/MicroMachines/Servidor/Carro/EstadoVelocidad.cpp">
			<Option target="tp"/>
		</Unit>
		<Unit filename="/home/hugo/Escritorio/MicroMachines/Servidor/Carro/EstadoVelocidad.h">
			<Option target="tp"/>
		</Unit>
		<Unit filename="/home/hugo/Escritorio/MicroMachines/Servidor/Carro/Velocidad.cpp">
			<Option target="tp"/>
		</Unit>
		<Unit filename="/home/hugo/Escritorio/MicroMachines/Servidor/Carro/Velocidad.h">
			<Option target="tp"/>
		</Unit>
		<Unit filename="/home/hugo/Escritorio/MicroMachines/Servidor/Carro/VelocidadBase.cpp">
			<Option target="tp"/>
		</Unit>
		<Unit filename="/home/hugo/Escritorio/MicroMachines/Servidor/Carro/VelocidadBase.h">
			<Option target="tp"/>
		</Unit>
		<Unit filename="/home/hugo/Escritorio/MicroMachines/Servidor/Carro/VelocidadBoost.cpp">
			<Option target="tp"/>
		</Unit>
		<Unit filename="/home/hugo/Escritorio/MicroMachines/Servidor/Carro/VelocidadBoost.h">
			<Option target="tp"/>
		</Unit>
		<Unit filename="/home/hugo/Escritorio/MicroMachines/Servidor/Carro/Vida.cpp">
			<Option target="tp"/>
		</Unit>
		<Unit filename="/home/hugo/Escritorio/MicroMachines/Servidor/Carro/Vida.h">
			<Option target="tp"/>
		</Unit>
		<Unit filename="/home/hugo/Escritorio/MicroMachines/Servidor/Carro/Visibilidad.cpp">
			<Option target="tp"/>
		</Unit>
		<Unit filename="/home/hugo/Escritorio/MicroMachines/Servidor/Carro/Visibilidad.h">
			<Option target="tp"/>
		</Unit>
		<Unit filename="/home/hugo/Escritorio/MicroMachines/Servidor/ManejadorDeContactos.cpp">
			<Option target="tp"/>
		</Unit>
		<Unit filename="/home/hugo/Escritorio/MicroMachines/Servidor/ManejadorDeContactos.h">
			<Option target="tp"/>
		</Unit>
		<Unit filename="/home/hugo/Escritorio/MicroMachines/Servidor/Mapa.cpp">
			<Option target="tp"/>
		</Unit>
		<Unit filename="/home/hugo/Escritorio/MicroMachines/Servidor/Mapa.h">
			<Option target="tp"/>
		</Unit>
		<Unit filename="/home/hugo/Escritorio/MicroMachines/Servidor/Modificadores/Aceite.cpp">
			<Option target="tp"/>
		</Unit>
		<Unit filename="/home/hugo/Escritorio/MicroMachines/Servidor/Modificadores/Aceite.h">
			<Option target="tp"/>
		</Unit>
		<Unit filename="/home/hugo/Escritorio/MicroMachines/Servidor/Modificadores/Barro.cpp">
			<Option target="tp"/>
		</Unit>
		<Unit filename="/home/hugo/Escritorio/MicroMachines/Servidor/Modificadores/Barro.h">
			<Option target="tp"/>
		</Unit>
		<Unit filename="/home/hugo/Escritorio/MicroMachines/Servidor/Modificadores/Boost.cpp">
			<Option target="tp"/>
		</Unit>
		<Unit filename="/home/hugo/Escritorio/MicroMachines/Servidor/Modificadores/Boost.h">
			<Option target="tp"/>
		</Unit>
		<Unit filename="/home/hugo/Escritorio/MicroMachines/Servidor/Modificadores/CajaDeSalud.cpp">
			<Option target="tp"/>
		</Unit>
		<Unit filename="/home/hugo/Escritorio/MicroMachines/Servidor/Modificadores/CajaDeSalud.h">
			<Option target="tp"/>
		</Unit>
		<Unit filename="/home/hugo/Escritorio/MicroMachines/Servidor/Modificadores/Modificador.cpp">
			<Option target="tp"/>
		</Unit>
		<Unit filename="/home/hugo/Escritorio/MicroMachines/Servidor/Modificadores/Modificador.h">
			<Option target="tp"/>
		</Unit>
		<Unit filename="/home/hugo/Escritorio/MicroMachines/Servidor/Modificadores/Piedra.cpp">
			<Option target="tp"/>
		</Unit>
		<Unit filename="/home/hugo/Escritorio/MicroMachines/Servidor/Modificadores/Piedra.h">
			<Option target="tp"/>
		</Unit>
		<Unit filename="/home/hugo/Escritorio/MicroMachines/Servidor/Partida.cpp">
			<Option target="tp"/>
		</Unit>
		<Unit filename="/home/hugo/Escritorio/MicroMachines/Servidor/Partida.h">
			<Option target="tp"/>
		</Unit>
		<Unit filename="/home/hugo/Escritorio/MicroMachines/Servidor/Pista.cpp">
			<Option target="tp"/>
		</Unit>
		<Unit filename="/home/hugo/Escritorio/MicroMachines/Servidor/Pista.h">
			<Option target="tp"/>
		</Unit>
		<Unit filename="/home/hugo/Escritorio/MicroMachines/Servidor/Planos/PlanoDeCurva.cpp">
			<Option target="tp"/>
		</Unit>
		<Unit filename="/home/hugo/Escritorio/MicroMachines/Servidor/Planos/PlanoDeCurva.h">
			<Option target="tp"/>
		</Unit>
		<Unit filename="/home/hugo/Escritorio/MicroMachines/Servidor/Planos/PlanoDePista.cpp">
			<Option target="tp"/>
		</Unit>
		<Unit filename="/home/hugo/Escritorio/MicroMachines/Servidor/Planos/PlanoDePista.h">
			<Option target="tp"/>
		</Unit>
		<Unit filename="/home/hugo/Escritorio/MicroMachines/Servidor/Planos/PlanoDeRecta.cpp">
			<Option target="tp"/>
		</Unit>
		<Unit filename="/home/hugo/Escritorio/MicroMachines/Servidor/Planos/PlanoDeRecta.h">
			<Option target="tp"/>
		</Unit>
		<Unit filename="/home/hugo/Escritorio/MicroMachines/Servidor/Planos/PlanoDeSuelo.h">
			<Option target="tp"/>
		</Unit>
		<Unit filename="/home/hugo/Escritorio/MicroMachines/Servidor/Servidor.cpp">
			<Option target="tp"/>
		</Unit>
		<Unit filename="/home/hugo/Escritorio/MicroMachines/Servidor/Servidor.h">
			<Option target="tp"/>
		</Unit>
		<Unit filename="/home/hugo/Escritorio/MicroMachines/Servidor/Suelos/Asfalto.cpp">
			<Option target="tp"/>
		</Unit>
		<Unit filename="/home/hugo/Escritorio/MicroMachines/Servidor/Suelos/Asfalto.h">
			<Option target="tp"/>
		</Unit>
		<Unit filename="/home/hugo/Escritorio/MicroMachines/Servidor/Suelos/Curva.cpp">
			<Option target="tp"/>
		</Unit>
		<Unit filename="/home/hugo/Escritorio/MicroMachines/Servidor/Suelos/Curva.h">
			<Option target="tp"/>
		</Unit>
		<Unit filename="/home/hugo/Escritorio/MicroMachines/Servidor/Suelos/LimiteDePista.cpp">
			<Option target="tp"/>
		</Unit>
		<Unit filename="/home/hugo/Escritorio/MicroMachines/Servidor/Suelos/LimiteDePista.h">
			<Option target="tp"/>
		</Unit>
		<Unit filename="/home/hugo/Escritorio/MicroMachines/Servidor/Suelos/Pasto.cpp">
			<Option target="tp"/>
		</Unit>
		<Unit filename="/home/hugo/Escritorio/MicroMachines/Servidor/Suelos/Pasto.h">
			<Option target="tp"/>
		</Unit>
		<Unit filename="/home/hugo/Escritorio/MicroMachines/Servidor/Suelos/Recta.cpp">
			<Option target="tp"/>
		</Unit>
		<Unit filename="/home/hugo/Escritorio/MicroMachines/Servidor/Suelos/Recta.h">
			<Option target="tp"/>
		</Unit>
		<Unit filename="/home/hugo/Escritorio/MicroMachines/Servidor/main.cpp">
			<Option target="tp"/>
		</Unit>
		<Unit filename="/home/hugo/Escritorio/MicroMachines/Servidor/CMakeLists.txt">
			<Option virtualFolder="CMake Files\"/>
		</Unit>
		<Unit filename="/home/hugo/Escritorio/MicroMachines/Servidor/3rd_party/Box2D-cmake/CMakeLists.txt">
			<Option virtualFolder="CMake Files\3rd_party\Box2D-cmake\"/>
		</Unit>
	</Project>
</CodeBlocks_project_file>
