<?xml version="1.0" encoding="UTF-8"?>
<CodeBlocks_project_file>
	<FileVersion major="1" minor="6"/>
	<Project>
		<Option title="Servidor"/>
		<Option makefile_is_custom="1"/>
		<Option compiler="gcc"/>
		<Option virtualFolders="CMake Files\;CMake Files\3rd_party\;CMake Files\3rd_party\Box2D-cmake\;CMake Files\yaml-cpp\;CMake Files\yaml-cpp\util\;"/>
		<Build>
			<Target title="all">
				<Option working_dir="/home/hugo/Escritorio/MicroMachines/Servidor"/>
				<Option type="4"/>
				<MakeCommands>
					<Build command="/usr/bin/make -j12 -f &quot;/home/hugo/Escritorio/MicroMachines/Servidor/Makefile&quot;  VERBOSE=1 all"/>
					<CompileFile command="/usr/bin/make -j12 -f &quot;/home/hugo/Escritorio/MicroMachines/Servidor/Makefile&quot;  VERBOSE=1 &quot;$file&quot;"/>
					<Clean command="/usr/bin/make -j12 -f &quot;/home/hugo/Escritorio/MicroMachines/Servidor/Makefile&quot;  VERBOSE=1 clean"/>
					<DistClean command="/usr/bin/make -j12 -f &quot;/home/hugo/Escritorio/MicroMachines/Servidor/Makefile&quot;  VERBOSE=1 clean"/>
				</MakeCommands>
			</Target>
			<Target title="install/strip">
				<Option working_dir="/home/hugo/Escritorio/MicroMachines/Servidor"/>
				<Option type="4"/>
				<MakeCommands>
					<Build command="/usr/bin/make -j12 -f &quot;/home/hugo/Escritorio/MicroMachines/Servidor/Makefile&quot;  VERBOSE=1 install/strip"/>
					<CompileFile command="/usr/bin/make -j12 -f &quot;/home/hugo/Escritorio/MicroMachines/Servidor/Makefile&quot;  VERBOSE=1 &quot;$file&quot;"/>
					<Clean command="/usr/bin/make -j12 -f &quot;/home/hugo/Escritorio/MicroMachines/Servidor/Makefile&quot;  VERBOSE=1 clean"/>
					<DistClean command="/usr/bin/make -j12 -f &quot;/home/hugo/Escritorio/MicroMachines/Servidor/Makefile&quot;  VERBOSE=1 clean"/>
				</MakeCommands>
			</Target>
			<Target title="edit_cache">
				<Option working_dir="/home/hugo/Escritorio/MicroMachines/Servidor"/>
				<Option type="4"/>
				<MakeCommands>
					<Build command="/usr/bin/make -j12 -f &quot;/home/hugo/Escritorio/MicroMachines/Servidor/Makefile&quot;  VERBOSE=1 edit_cache"/>
					<CompileFile command="/usr/bin/make -j12 -f &quot;/home/hugo/Escritorio/MicroMachines/Servidor/Makefile&quot;  VERBOSE=1 &quot;$file&quot;"/>
					<Clean command="/usr/bin/make -j12 -f &quot;/home/hugo/Escritorio/MicroMachines/Servidor/Makefile&quot;  VERBOSE=1 clean"/>
					<DistClean command="/usr/bin/make -j12 -f &quot;/home/hugo/Escritorio/MicroMachines/Servidor/Makefile&quot;  VERBOSE=1 clean"/>
				</MakeCommands>
			</Target>
			<Target title="tp">
				<Option output="/home/hugo/Escritorio/MicroMachines/Servidor/tp" prefix_auto="0" extension_auto="0"/>
				<Option working_dir="/home/hugo/Escritorio/MicroMachines/Servidor"/>
				<Option object_output="./"/>
				<Option type="1"/>
				<Option compiler="gcc"/>
				<Compiler>
					<Add directory="/home/hugo/Escritorio/MicroMachines/Servidor/3rd_party/Box2D-cmake/Box2D"/>
					<Add directory="/home/hugo/Escritorio/MicroMachines/Servidor/yaml-cpp/include"/>
					<Add directory="/usr/include/c++/7"/>
					<Add directory="/usr/include/x86_64-linux-gnu/c++/7"/>
					<Add directory="/usr/include/c++/7/backward"/>
					<Add directory="/usr/lib/gcc/x86_64-linux-gnu/7/include"/>
					<Add directory="/usr/local/include"/>
					<Add directory="/usr/lib/gcc/x86_64-linux-gnu/7/include-fixed"/>
					<Add directory="/usr/include/x86_64-linux-gnu"/>
					<Add directory="/usr/include"/>
				</Compiler>
				<MakeCommands>
					<Build command="/usr/bin/make -j12 -f &quot;/home/hugo/Escritorio/MicroMachines/Servidor/Makefile&quot;  VERBOSE=1 tp"/>
					<CompileFile command="/usr/bin/make -j12 -f &quot;/home/hugo/Escritorio/MicroMachines/Servidor/Makefile&quot;  VERBOSE=1 &quot;$file&quot;"/>
					<Clean command="/usr/bin/make -j12 -f &quot;/home/hugo/Escritorio/MicroMachines/Servidor/Makefile&quot;  VERBOSE=1 clean"/>
					<DistClean command="/usr/bin/make -j12 -f &quot;/home/hugo/Escritorio/MicroMachines/Servidor/Makefile&quot;  VERBOSE=1 clean"/>
				</MakeCommands>
			</Target>
			<Target title="tp/fast">
				<Option output="/home/hugo/Escritorio/MicroMachines/Servidor/tp" prefix_auto="0" extension_auto="0"/>
				<Option working_dir="/home/hugo/Escritorio/MicroMachines/Servidor"/>
				<Option object_output="./"/>
				<Option type="1"/>
				<Option compiler="gcc"/>
				<Compiler>
					<Add directory="/home/hugo/Escritorio/MicroMachines/Servidor/3rd_party/Box2D-cmake/Box2D"/>
					<Add directory="/home/hugo/Escritorio/MicroMachines/Servidor/yaml-cpp/include"/>
					<Add directory="/usr/include/c++/7"/>
					<Add directory="/usr/include/x86_64-linux-gnu/c++/7"/>
					<Add directory="/usr/include/c++/7/backward"/>
					<Add directory="/usr/lib/gcc/x86_64-linux-gnu/7/include"/>
					<Add directory="/usr/local/include"/>
					<Add directory="/usr/lib/gcc/x86_64-linux-gnu/7/include-fixed"/>
					<Add directory="/usr/include/x86_64-linux-gnu"/>
					<Add directory="/usr/include"/>
				</Compiler>
				<MakeCommands>
					<Build command="/usr/bin/make -j12 -f &quot;/home/hugo/Escritorio/MicroMachines/Servidor/Makefile&quot;  VERBOSE=1 tp/fast"/>
					<CompileFile command="/usr/bin/make -j12 -f &quot;/home/hugo/Escritorio/MicroMachines/Servidor/Makefile&quot;  VERBOSE=1 &quot;$file&quot;"/>
					<Clean command="/usr/bin/make -j12 -f &quot;/home/hugo/Escritorio/MicroMachines/Servidor/Makefile&quot;  VERBOSE=1 clean"/>
					<DistClean command="/usr/bin/make -j12 -f &quot;/home/hugo/Escritorio/MicroMachines/Servidor/Makefile&quot;  VERBOSE=1 clean"/>
				</MakeCommands>
			</Target>
			<Target title="rebuild_cache">
				<Option working_dir="/home/hugo/Escritorio/MicroMachines/Servidor"/>
				<Option type="4"/>
				<MakeCommands>
					<Build command="/usr/bin/make -j12 -f &quot;/home/hugo/Escritorio/MicroMachines/Servidor/Makefile&quot;  VERBOSE=1 rebuild_cache"/>
					<CompileFile command="/usr/bin/make -j12 -f &quot;/home/hugo/Escritorio/MicroMachines/Servidor/Makefile&quot;  VERBOSE=1 &quot;$file&quot;"/>
					<Clean command="/usr/bin/make -j12 -f &quot;/home/hugo/Escritorio/MicroMachines/Servidor/Makefile&quot;  VERBOSE=1 clean"/>
					<DistClean command="/usr/bin/make -j12 -f &quot;/home/hugo/Escritorio/MicroMachines/Servidor/Makefile&quot;  VERBOSE=1 clean"/>
				</MakeCommands>
			</Target>
			<Target title="list_install_components">
				<Option working_dir="/home/hugo/Escritorio/MicroMachines/Servidor"/>
				<Option type="4"/>
				<MakeCommands>
					<Build command="/usr/bin/make -j12 -f &quot;/home/hugo/Escritorio/MicroMachines/Servidor/Makefile&quot;  VERBOSE=1 list_install_components"/>
					<CompileFile command="/usr/bin/make -j12 -f &quot;/home/hugo/Escritorio/MicroMachines/Servidor/Makefile&quot;  VERBOSE=1 &quot;$file&quot;"/>
					<Clean command="/usr/bin/make -j12 -f &quot;/home/hugo/Escritorio/MicroMachines/Servidor/Makefile&quot;  VERBOSE=1 clean"/>
					<DistClean command="/usr/bin/make -j12 -f &quot;/home/hugo/Escritorio/MicroMachines/Servidor/Makefile&quot;  VERBOSE=1 clean"/>
				</MakeCommands>
			</Target>
			<Target title="install/local">
				<Option working_dir="/home/hugo/Escritorio/MicroMachines/Servidor"/>
				<Option type="4"/>
				<MakeCommands>
					<Build command="/usr/bin/make -j12 -f &quot;/home/hugo/Escritorio/MicroMachines/Servidor/Makefile&quot;  VERBOSE=1 install/local"/>
					<CompileFile command="/usr/bin/make -j12 -f &quot;/home/hugo/Escritorio/MicroMachines/Servidor/Makefile&quot;  VERBOSE=1 &quot;$file&quot;"/>
					<Clean command="/usr/bin/make -j12 -f &quot;/home/hugo/Escritorio/MicroMachines/Servidor/Makefile&quot;  VERBOSE=1 clean"/>
					<DistClean command="/usr/bin/make -j12 -f &quot;/home/hugo/Escritorio/MicroMachines/Servidor/Makefile&quot;  VERBOSE=1 clean"/>
				</MakeCommands>
			</Target>
			<Target title="install">
				<Option working_dir="/home/hugo/Escritorio/MicroMachines/Servidor"/>
				<Option type="4"/>
				<MakeCommands>
					<Build command="/usr/bin/make -j12 -f &quot;/home/hugo/Escritorio/MicroMachines/Servidor/Makefile&quot;  VERBOSE=1 install"/>
					<CompileFile command="/usr/bin/make -j12 -f &quot;/home/hugo/Escritorio/MicroMachines/Servidor/Makefile&quot;  VERBOSE=1 &quot;$file&quot;"/>
					<Clean command="/usr/bin/make -j12 -f &quot;/home/hugo/Escritorio/MicroMachines/Servidor/Makefile&quot;  VERBOSE=1 clean"/>
					<DistClean command="/usr/bin/make -j12 -f &quot;/home/hugo/Escritorio/MicroMachines/Servidor/Makefile&quot;  VERBOSE=1 clean"/>
				</MakeCommands>
			</Target>
			<Target title="releasable">
				<Option working_dir="/home/hugo/Escritorio/MicroMachines/Servidor/yaml-cpp"/>
				<Option type="4"/>
				<MakeCommands>
					<Build command="/usr/bin/make -j12 -f &quot;/home/hugo/Escritorio/MicroMachines/Servidor/yaml-cpp/Makefile&quot;  VERBOSE=1 releasable"/>
					<CompileFile command="/usr/bin/make -j12 -f &quot;/home/hugo/Escritorio/MicroMachines/Servidor/yaml-cpp/Makefile&quot;  VERBOSE=1 &quot;$file&quot;"/>
					<Clean command="/usr/bin/make -j12 -f &quot;/home/hugo/Escritorio/MicroMachines/Servidor/yaml-cpp/Makefile&quot;  VERBOSE=1 clean"/>
					<DistClean command="/usr/bin/make -j12 -f &quot;/home/hugo/Escritorio/MicroMachines/Servidor/yaml-cpp/Makefile&quot;  VERBOSE=1 clean"/>
				</MakeCommands>
			</Target>
			<Target title="debuggable">
				<Option working_dir="/home/hugo/Escritorio/MicroMachines/Servidor/yaml-cpp"/>
				<Option type="4"/>
				<MakeCommands>
					<Build command="/usr/bin/make -j12 -f &quot;/home/hugo/Escritorio/MicroMachines/Servidor/yaml-cpp/Makefile&quot;  VERBOSE=1 debuggable"/>
					<CompileFile command="/usr/bin/make -j12 -f &quot;/home/hugo/Escritorio/MicroMachines/Servidor/yaml-cpp/Makefile&quot;  VERBOSE=1 &quot;$file&quot;"/>
					<Clean command="/usr/bin/make -j12 -f &quot;/home/hugo/Escritorio/MicroMachines/Servidor/yaml-cpp/Makefile&quot;  VERBOSE=1 clean"/>
					<DistClean command="/usr/bin/make -j12 -f &quot;/home/hugo/Escritorio/MicroMachines/Servidor/yaml-cpp/Makefile&quot;  VERBOSE=1 clean"/>
				</MakeCommands>
			</Target>
			<Target title="yaml-cpp">
				<Option output="/home/hugo/Escritorio/MicroMachines/Servidor/yaml-cpp/libyaml-cpp.a" prefix_auto="0" extension_auto="0"/>
				<Option working_dir="/home/hugo/Escritorio/MicroMachines/Servidor/yaml-cpp"/>
				<Option object_output="./"/>
				<Option type="2"/>
				<Option compiler="gcc"/>
				<Compiler>
					<Add directory="/home/hugo/Escritorio/MicroMachines/Servidor/yaml-cpp/include"/>
					<Add directory="/home/hugo/Escritorio/MicroMachines/Servidor/yaml-cpp/src"/>
					<Add directory="/usr/include/c++/7"/>
					<Add directory="/usr/include/x86_64-linux-gnu/c++/7"/>
					<Add directory="/usr/include/c++/7/backward"/>
					<Add directory="/usr/lib/gcc/x86_64-linux-gnu/7/include"/>
					<Add directory="/usr/local/include"/>
					<Add directory="/usr/lib/gcc/x86_64-linux-gnu/7/include-fixed"/>
					<Add directory="/usr/include/x86_64-linux-gnu"/>
					<Add directory="/usr/include"/>
				</Compiler>
				<MakeCommands>
					<Build command="/usr/bin/make -j12 -f &quot;/home/hugo/Escritorio/MicroMachines/Servidor/yaml-cpp/Makefile&quot;  VERBOSE=1 yaml-cpp"/>
					<CompileFile command="/usr/bin/make -j12 -f &quot;/home/hugo/Escritorio/MicroMachines/Servidor/yaml-cpp/Makefile&quot;  VERBOSE=1 &quot;$file&quot;"/>
					<Clean command="/usr/bin/make -j12 -f &quot;/home/hugo/Escritorio/MicroMachines/Servidor/yaml-cpp/Makefile&quot;  VERBOSE=1 clean"/>
					<DistClean command="/usr/bin/make -j12 -f &quot;/home/hugo/Escritorio/MicroMachines/Servidor/yaml-cpp/Makefile&quot;  VERBOSE=1 clean"/>
				</MakeCommands>
			</Target>
			<Target title="yaml-cpp/fast">
				<Option output="/home/hugo/Escritorio/MicroMachines/Servidor/yaml-cpp/libyaml-cpp.a" prefix_auto="0" extension_auto="0"/>
				<Option working_dir="/home/hugo/Escritorio/MicroMachines/Servidor/yaml-cpp"/>
				<Option object_output="./"/>
				<Option type="2"/>
				<Option compiler="gcc"/>
				<Compiler>
					<Add directory="/home/hugo/Escritorio/MicroMachines/Servidor/yaml-cpp/include"/>
					<Add directory="/home/hugo/Escritorio/MicroMachines/Servidor/yaml-cpp/src"/>
					<Add directory="/usr/include/c++/7"/>
					<Add directory="/usr/include/x86_64-linux-gnu/c++/7"/>
					<Add directory="/usr/include/c++/7/backward"/>
					<Add directory="/usr/lib/gcc/x86_64-linux-gnu/7/include"/>
					<Add directory="/usr/local/include"/>
					<Add directory="/usr/lib/gcc/x86_64-linux-gnu/7/include-fixed"/>
					<Add directory="/usr/include/x86_64-linux-gnu"/>
					<Add directory="/usr/include"/>
				</Compiler>
				<MakeCommands>
					<Build command="/usr/bin/make -j12 -f &quot;/home/hugo/Escritorio/MicroMachines/Servidor/yaml-cpp/Makefile&quot;  VERBOSE=1 yaml-cpp/fast"/>
					<CompileFile command="/usr/bin/make -j12 -f &quot;/home/hugo/Escritorio/MicroMachines/Servidor/yaml-cpp/Makefile&quot;  VERBOSE=1 &quot;$file&quot;"/>
					<Clean command="/usr/bin/make -j12 -f &quot;/home/hugo/Escritorio/MicroMachines/Servidor/yaml-cpp/Makefile&quot;  VERBOSE=1 clean"/>
					<DistClean command="/usr/bin/make -j12 -f &quot;/home/hugo/Escritorio/MicroMachines/Servidor/yaml-cpp/Makefile&quot;  VERBOSE=1 clean"/>
				</MakeCommands>
			</Target>
			<Target title="format">
				<Option working_dir="/home/hugo/Escritorio/MicroMachines/Servidor/yaml-cpp"/>
				<Option type="4"/>
				<MakeCommands>
					<Build command="/usr/bin/make -j12 -f &quot;/home/hugo/Escritorio/MicroMachines/Servidor/yaml-cpp/Makefile&quot;  VERBOSE=1 format"/>
					<CompileFile command="/usr/bin/make -j12 -f &quot;/home/hugo/Escritorio/MicroMachines/Servidor/yaml-cpp/Makefile&quot;  VERBOSE=1 &quot;$file&quot;"/>
					<Clean command="/usr/bin/make -j12 -f &quot;/home/hugo/Escritorio/MicroMachines/Servidor/yaml-cpp/Makefile&quot;  VERBOSE=1 clean"/>
					<DistClean command="/usr/bin/make -j12 -f &quot;/home/hugo/Escritorio/MicroMachines/Servidor/yaml-cpp/Makefile&quot;  VERBOSE=1 clean"/>
				</MakeCommands>
			</Target>
			<Target title="sandbox">
				<Option output="/home/hugo/Escritorio/MicroMachines/Servidor/yaml-cpp/util/sandbox" prefix_auto="0" extension_auto="0"/>
				<Option working_dir="/home/hugo/Escritorio/MicroMachines/Servidor/yaml-cpp/util"/>
				<Option object_output="./"/>
				<Option type="1"/>
				<Option compiler="gcc"/>
				<Compiler>
					<Add directory="/home/hugo/Escritorio/MicroMachines/Servidor/yaml-cpp/include"/>
					<Add directory="/usr/include/c++/7"/>
					<Add directory="/usr/include/x86_64-linux-gnu/c++/7"/>
					<Add directory="/usr/include/c++/7/backward"/>
					<Add directory="/usr/lib/gcc/x86_64-linux-gnu/7/include"/>
					<Add directory="/usr/local/include"/>
					<Add directory="/usr/lib/gcc/x86_64-linux-gnu/7/include-fixed"/>
					<Add directory="/usr/include/x86_64-linux-gnu"/>
					<Add directory="/usr/include"/>
				</Compiler>
				<MakeCommands>
					<Build command="/usr/bin/make -j12 -f &quot;/home/hugo/Escritorio/MicroMachines/Servidor/yaml-cpp/util/Makefile&quot;  VERBOSE=1 sandbox"/>
					<CompileFile command="/usr/bin/make -j12 -f &quot;/home/hugo/Escritorio/MicroMachines/Servidor/yaml-cpp/util/Makefile&quot;  VERBOSE=1 &quot;$file&quot;"/>
					<Clean command="/usr/bin/make -j12 -f &quot;/home/hugo/Escritorio/MicroMachines/Servidor/yaml-cpp/util/Makefile&quot;  VERBOSE=1 clean"/>
					<DistClean command="/usr/bin/make -j12 -f &quot;/home/hugo/Escritorio/MicroMachines/Servidor/yaml-cpp/util/Makefile&quot;  VERBOSE=1 clean"/>
				</MakeCommands>
			</Target>
			<Target title="sandbox/fast">
				<Option output="/home/hugo/Escritorio/MicroMachines/Servidor/yaml-cpp/util/sandbox" prefix_auto="0" extension_auto="0"/>
				<Option working_dir="/home/hugo/Escritorio/MicroMachines/Servidor/yaml-cpp/util"/>
				<Option object_output="./"/>
				<Option type="1"/>
				<Option compiler="gcc"/>
				<Compiler>
					<Add directory="/home/hugo/Escritorio/MicroMachines/Servidor/yaml-cpp/include"/>
					<Add directory="/usr/include/c++/7"/>
					<Add directory="/usr/include/x86_64-linux-gnu/c++/7"/>
					<Add directory="/usr/include/c++/7/backward"/>
					<Add directory="/usr/lib/gcc/x86_64-linux-gnu/7/include"/>
					<Add directory="/usr/local/include"/>
					<Add directory="/usr/lib/gcc/x86_64-linux-gnu/7/include-fixed"/>
					<Add directory="/usr/include/x86_64-linux-gnu"/>
					<Add directory="/usr/include"/>
				</Compiler>
				<MakeCommands>
					<Build command="/usr/bin/make -j12 -f &quot;/home/hugo/Escritorio/MicroMachines/Servidor/yaml-cpp/util/Makefile&quot;  VERBOSE=1 sandbox/fast"/>
					<CompileFile command="/usr/bin/make -j12 -f &quot;/home/hugo/Escritorio/MicroMachines/Servidor/yaml-cpp/util/Makefile&quot;  VERBOSE=1 &quot;$file&quot;"/>
					<Clean command="/usr/bin/make -j12 -f &quot;/home/hugo/Escritorio/MicroMachines/Servidor/yaml-cpp/util/Makefile&quot;  VERBOSE=1 clean"/>
					<DistClean command="/usr/bin/make -j12 -f &quot;/home/hugo/Escritorio/MicroMachines/Servidor/yaml-cpp/util/Makefile&quot;  VERBOSE=1 clean"/>
				</MakeCommands>
			</Target>
			<Target title="parse">
				<Option output="/home/hugo/Escritorio/MicroMachines/Servidor/yaml-cpp/util/parse" prefix_auto="0" extension_auto="0"/>
				<Option working_dir="/home/hugo/Escritorio/MicroMachines/Servidor/yaml-cpp/util"/>
				<Option object_output="./"/>
				<Option type="1"/>
				<Option compiler="gcc"/>
				<Compiler>
					<Add directory="/home/hugo/Escritorio/MicroMachines/Servidor/yaml-cpp/include"/>
					<Add directory="/usr/include/c++/7"/>
					<Add directory="/usr/include/x86_64-linux-gnu/c++/7"/>
					<Add directory="/usr/include/c++/7/backward"/>
					<Add directory="/usr/lib/gcc/x86_64-linux-gnu/7/include"/>
					<Add directory="/usr/local/include"/>
					<Add directory="/usr/lib/gcc/x86_64-linux-gnu/7/include-fixed"/>
					<Add directory="/usr/include/x86_64-linux-gnu"/>
					<Add directory="/usr/include"/>
				</Compiler>
				<MakeCommands>
					<Build command="/usr/bin/make -j12 -f &quot;/home/hugo/Escritorio/MicroMachines/Servidor/yaml-cpp/util/Makefile&quot;  VERBOSE=1 parse"/>
					<CompileFile command="/usr/bin/make -j12 -f &quot;/home/hugo/Escritorio/MicroMachines/Servidor/yaml-cpp/util/Makefile&quot;  VERBOSE=1 &quot;$file&quot;"/>
					<Clean command="/usr/bin/make -j12 -f &quot;/home/hugo/Escritorio/MicroMachines/Servidor/yaml-cpp/util/Makefile&quot;  VERBOSE=1 clean"/>
					<DistClean command="/usr/bin/make -j12 -f &quot;/home/hugo/Escritorio/MicroMachines/Servidor/yaml-cpp/util/Makefile&quot;  VERBOSE=1 clean"/>
				</MakeCommands>
			</Target>
			<Target title="parse/fast">
				<Option output="/home/hugo/Escritorio/MicroMachines/Servidor/yaml-cpp/util/parse" prefix_auto="0" extension_auto="0"/>
				<Option working_dir="/home/hugo/Escritorio/MicroMachines/Servidor/yaml-cpp/util"/>
				<Option object_output="./"/>
				<Option type="1"/>
				<Option compiler="gcc"/>
				<Compiler>
					<Add directory="/home/hugo/Escritorio/MicroMachines/Servidor/yaml-cpp/include"/>
					<Add directory="/usr/include/c++/7"/>
					<Add directory="/usr/include/x86_64-linux-gnu/c++/7"/>
					<Add directory="/usr/include/c++/7/backward"/>
					<Add directory="/usr/lib/gcc/x86_64-linux-gnu/7/include"/>
					<Add directory="/usr/local/include"/>
					<Add directory="/usr/lib/gcc/x86_64-linux-gnu/7/include-fixed"/>
					<Add directory="/usr/include/x86_64-linux-gnu"/>
					<Add directory="/usr/include"/>
				</Compiler>
				<MakeCommands>
					<Build command="/usr/bin/make -j12 -f &quot;/home/hugo/Escritorio/MicroMachines/Servidor/yaml-cpp/util/Makefile&quot;  VERBOSE=1 parse/fast"/>
					<CompileFile command="/usr/bin/make -j12 -f &quot;/home/hugo/Escritorio/MicroMachines/Servidor/yaml-cpp/util/Makefile&quot;  VERBOSE=1 &quot;$file&quot;"/>
					<Clean command="/usr/bin/make -j12 -f &quot;/home/hugo/Escritorio/MicroMachines/Servidor/yaml-cpp/util/Makefile&quot;  VERBOSE=1 clean"/>
					<DistClean command="/usr/bin/make -j12 -f &quot;/home/hugo/Escritorio/MicroMachines/Servidor/yaml-cpp/util/Makefile&quot;  VERBOSE=1 clean"/>
				</MakeCommands>
			</Target>
			<Target title="read">
				<Option output="/home/hugo/Escritorio/MicroMachines/Servidor/yaml-cpp/util/read" prefix_auto="0" extension_auto="0"/>
				<Option working_dir="/home/hugo/Escritorio/MicroMachines/Servidor/yaml-cpp/util"/>
				<Option object_output="./"/>
				<Option type="1"/>
				<Option compiler="gcc"/>
				<Compiler>
					<Add directory="/home/hugo/Escritorio/MicroMachines/Servidor/yaml-cpp/include"/>
					<Add directory="/usr/include/c++/7"/>
					<Add directory="/usr/include/x86_64-linux-gnu/c++/7"/>
					<Add directory="/usr/include/c++/7/backward"/>
					<Add directory="/usr/lib/gcc/x86_64-linux-gnu/7/include"/>
					<Add directory="/usr/local/include"/>
					<Add directory="/usr/lib/gcc/x86_64-linux-gnu/7/include-fixed"/>
					<Add directory="/usr/include/x86_64-linux-gnu"/>
					<Add directory="/usr/include"/>
				</Compiler>
				<MakeCommands>
					<Build command="/usr/bin/make -j12 -f &quot;/home/hugo/Escritorio/MicroMachines/Servidor/yaml-cpp/util/Makefile&quot;  VERBOSE=1 read"/>
					<CompileFile command="/usr/bin/make -j12 -f &quot;/home/hugo/Escritorio/MicroMachines/Servidor/yaml-cpp/util/Makefile&quot;  VERBOSE=1 &quot;$file&quot;"/>
					<Clean command="/usr/bin/make -j12 -f &quot;/home/hugo/Escritorio/MicroMachines/Servidor/yaml-cpp/util/Makefile&quot;  VERBOSE=1 clean"/>
					<DistClean command="/usr/bin/make -j12 -f &quot;/home/hugo/Escritorio/MicroMachines/Servidor/yaml-cpp/util/Makefile&quot;  VERBOSE=1 clean"/>
				</MakeCommands>
			</Target>
			<Target title="read/fast">
				<Option output="/home/hugo/Escritorio/MicroMachines/Servidor/yaml-cpp/util/read" prefix_auto="0" extension_auto="0"/>
				<Option working_dir="/home/hugo/Escritorio/MicroMachines/Servidor/yaml-cpp/util"/>
				<Option object_output="./"/>
				<Option type="1"/>
				<Option compiler="gcc"/>
				<Compiler>
					<Add directory="/home/hugo/Escritorio/MicroMachines/Servidor/yaml-cpp/include"/>
					<Add directory="/usr/include/c++/7"/>
					<Add directory="/usr/include/x86_64-linux-gnu/c++/7"/>
					<Add directory="/usr/include/c++/7/backward"/>
					<Add directory="/usr/lib/gcc/x86_64-linux-gnu/7/include"/>
					<Add directory="/usr/local/include"/>
					<Add directory="/usr/lib/gcc/x86_64-linux-gnu/7/include-fixed"/>
					<Add directory="/usr/include/x86_64-linux-gnu"/>
					<Add directory="/usr/include"/>
				</Compiler>
				<MakeCommands>
					<Build command="/usr/bin/make -j12 -f &quot;/home/hugo/Escritorio/MicroMachines/Servidor/yaml-cpp/util/Makefile&quot;  VERBOSE=1 read/fast"/>
					<CompileFile command="/usr/bin/make -j12 -f &quot;/home/hugo/Escritorio/MicroMachines/Servidor/yaml-cpp/util/Makefile&quot;  VERBOSE=1 &quot;$file&quot;"/>
					<Clean command="/usr/bin/make -j12 -f &quot;/home/hugo/Escritorio/MicroMachines/Servidor/yaml-cpp/util/Makefile&quot;  VERBOSE=1 clean"/>
					<DistClean command="/usr/bin/make -j12 -f &quot;/home/hugo/Escritorio/MicroMachines/Servidor/yaml-cpp/util/Makefile&quot;  VERBOSE=1 clean"/>
				</MakeCommands>
			</Target>
			<Target title="Box2D-cmake">
				<Option output="/home/hugo/Escritorio/MicroMachines/Servidor/3rd_party/Box2D-cmake/libBox2D-cmake.a" prefix_auto="0" extension_auto="0"/>
				<Option working_dir="/home/hugo/Escritorio/MicroMachines/Servidor/3rd_party/Box2D-cmake"/>
				<Option object_output="./"/>
				<Option type="2"/>
				<Option compiler="gcc"/>
				<Compiler>
					<Add directory="/home/hugo/Escritorio/MicroMachines/Servidor/3rd_party/Box2D-cmake/Box2D"/>
					<Add directory="/usr/include/c++/7"/>
					<Add directory="/usr/include/x86_64-linux-gnu/c++/7"/>
					<Add directory="/usr/include/c++/7/backward"/>
					<Add directory="/usr/lib/gcc/x86_64-linux-gnu/7/include"/>
					<Add directory="/usr/local/include"/>
					<Add directory="/usr/lib/gcc/x86_64-linux-gnu/7/include-fixed"/>
					<Add directory="/usr/include/x86_64-linux-gnu"/>
					<Add directory="/usr/include"/>
				</Compiler>
				<MakeCommands>
					<Build command="/usr/bin/make -j12 -f &quot;/home/hugo/Escritorio/MicroMachines/Servidor/3rd_party/Box2D-cmake/Makefile&quot;  VERBOSE=1 Box2D-cmake"/>
					<CompileFile command="/usr/bin/make -j12 -f &quot;/home/hugo/Escritorio/MicroMachines/Servidor/3rd_party/Box2D-cmake/Makefile&quot;  VERBOSE=1 &quot;$file&quot;"/>
					<Clean command="/usr/bin/make -j12 -f &quot;/home/hugo/Escritorio/MicroMachines/Servidor/3rd_party/Box2D-cmake/Makefile&quot;  VERBOSE=1 clean"/>
					<DistClean command="/usr/bin/make -j12 -f &quot;/home/hugo/Escritorio/MicroMachines/Servidor/3rd_party/Box2D-cmake/Makefile&quot;  VERBOSE=1 clean"/>
				</MakeCommands>
			</Target>
			<Target title="Box2D-cmake/fast">
				<Option output="/home/hugo/Escritorio/MicroMachines/Servidor/3rd_party/Box2D-cmake/libBox2D-cmake.a" prefix_auto="0" extension_auto="0"/>
				<Option working_dir="/home/hugo/Escritorio/MicroMachines/Servidor/3rd_party/Box2D-cmake"/>
				<Option object_output="./"/>
				<Option type="2"/>
				<Option compiler="gcc"/>
				<Compiler>
					<Add directory="/home/hugo/Escritorio/MicroMachines/Servidor/3rd_party/Box2D-cmake/Box2D"/>
					<Add directory="/usr/include/c++/7"/>
					<Add directory="/usr/include/x86_64-linux-gnu/c++/7"/>
					<Add directory="/usr/include/c++/7/backward"/>
					<Add directory="/usr/lib/gcc/x86_64-linux-gnu/7/include"/>
					<Add directory="/usr/local/include"/>
					<Add directory="/usr/lib/gcc/x86_64-linux-gnu/7/include-fixed"/>
					<Add directory="/usr/include/x86_64-linux-gnu"/>
					<Add directory="/usr/include"/>
				</Compiler>
				<MakeCommands>
					<Build command="/usr/bin/make -j12 -f &quot;/home/hugo/Escritorio/MicroMachines/Servidor/3rd_party/Box2D-cmake/Makefile&quot;  VERBOSE=1 Box2D-cmake/fast"/>
					<CompileFile command="/usr/bin/make -j12 -f &quot;/home/hugo/Escritorio/MicroMachines/Servidor/3rd_party/Box2D-cmake/Makefile&quot;  VERBOSE=1 &quot;$file&quot;"/>
					<Clean command="/usr/bin/make -j12 -f &quot;/home/hugo/Escritorio/MicroMachines/Servidor/3rd_party/Box2D-cmake/Makefile&quot;  VERBOSE=1 clean"/>
					<DistClean command="/usr/bin/make -j12 -f &quot;/home/hugo/Escritorio/MicroMachines/Servidor/3rd_party/Box2D-cmake/Makefile&quot;  VERBOSE=1 clean"/>
				</MakeCommands>
			</Target>
		</Build>
		<Unit filename="/home/hugo/Escritorio/MicroMachines/Servidor/3rd_party/Box2D-cmake/Box2D/Box2D/Collision/Shapes/b2ChainShape.cpp">
			<Option target="Box2D-cmake"/>
		</Unit>
		<Unit filename="/home/hugo/Escritorio/MicroMachines/Servidor/3rd_party/Box2D-cmake/Box2D/Box2D/Collision/Shapes/b2ChainShape.h">
			<Option target="Box2D-cmake"/>
		</Unit>
		<Unit filename="/home/hugo/Escritorio/MicroMachines/Servidor/3rd_party/Box2D-cmake/Box2D/Box2D/Collision/Shapes/b2CircleShape.cpp">
			<Option target="Box2D-cmake"/>
		</Unit>
		<Unit filename="/home/hugo/Escritorio/MicroMachines/Servidor/3rd_party/Box2D-cmake/Box2D/Box2D/Collision/Shapes/b2CircleShape.h">
			<Option target="Box2D-cmake"/>
		</Unit>
		<Unit filename="/home/hugo/Escritorio/MicroMachines/Servidor/3rd_party/Box2D-cmake/Box2D/Box2D/Collision/Shapes/b2EdgeShape.cpp">
			<Option target="Box2D-cmake"/>
		</Unit>
		<Unit filename="/home/hugo/Escritorio/MicroMachines/Servidor/3rd_party/Box2D-cmake/Box2D/Box2D/Collision/Shapes/b2EdgeShape.h">
			<Option target="Box2D-cmake"/>
		</Unit>
		<Unit filename="/home/hugo/Escritorio/MicroMachines/Servidor/3rd_party/Box2D-cmake/Box2D/Box2D/Collision/Shapes/b2PolygonShape.cpp">
			<Option target="Box2D-cmake"/>
		</Unit>
		<Unit filename="/home/hugo/Escritorio/MicroMachines/Servidor/3rd_party/Box2D-cmake/Box2D/Box2D/Collision/Shapes/b2PolygonShape.h">
			<Option target="Box2D-cmake"/>
		</Unit>
		<Unit filename="/home/hugo/Escritorio/MicroMachines/Servidor/3rd_party/Box2D-cmake/Box2D/Box2D/Collision/b2BroadPhase.cpp">
			<Option target="Box2D-cmake"/>
		</Unit>
		<Unit filename="/home/hugo/Escritorio/MicroMachines/Servidor/3rd_party/Box2D-cmake/Box2D/Box2D/Collision/b2BroadPhase.h">
			<Option target="Box2D-cmake"/>
		</Unit>
		<Unit filename="/home/hugo/Escritorio/MicroMachines/Servidor/3rd_party/Box2D-cmake/Box2D/Box2D/Collision/b2CollideCircle.cpp">
			<Option target="Box2D-cmake"/>
		</Unit>
		<Unit filename="/home/hugo/Escritorio/MicroMachines/Servidor/3rd_party/Box2D-cmake/Box2D/Box2D/Collision/b2CollideEdge.cpp">
			<Option target="Box2D-cmake"/>
		</Unit>
		<Unit filename="/home/hugo/Escritorio/MicroMachines/Servidor/3rd_party/Box2D-cmake/Box2D/Box2D/Collision/b2CollidePolygon.cpp">
			<Option target="Box2D-cmake"/>
		</Unit>
		<Unit filename="/home/hugo/Escritorio/MicroMachines/Servidor/3rd_party/Box2D-cmake/Box2D/Box2D/Collision/b2Collision.cpp">
			<Option target="Box2D-cmake"/>
		</Unit>
		<Unit filename="/home/hugo/Escritorio/MicroMachines/Servidor/3rd_party/Box2D-cmake/Box2D/Box2D/Collision/b2Collision.h">
			<Option target="Box2D-cmake"/>
		</Unit>
		<Unit filename="/home/hugo/Escritorio/MicroMachines/Servidor/3rd_party/Box2D-cmake/Box2D/Box2D/Collision/b2Distance.cpp">
			<Option target="Box2D-cmake"/>
		</Unit>
		<Unit filename="/home/hugo/Escritorio/MicroMachines/Servidor/3rd_party/Box2D-cmake/Box2D/Box2D/Collision/b2Distance.h">
			<Option target="Box2D-cmake"/>
		</Unit>
		<Unit filename="/home/hugo/Escritorio/MicroMachines/Servidor/3rd_party/Box2D-cmake/Box2D/Box2D/Collision/b2DynamicTree.cpp">
			<Option target="Box2D-cmake"/>
		</Unit>
		<Unit filename="/home/hugo/Escritorio/MicroMachines/Servidor/3rd_party/Box2D-cmake/Box2D/Box2D/Collision/b2DynamicTree.h">
			<Option target="Box2D-cmake"/>
		</Unit>
		<Unit filename="/home/hugo/Escritorio/MicroMachines/Servidor/3rd_party/Box2D-cmake/Box2D/Box2D/Collision/b2TimeOfImpact.cpp">
			<Option target="Box2D-cmake"/>
		</Unit>
		<Unit filename="/home/hugo/Escritorio/MicroMachines/Servidor/3rd_party/Box2D-cmake/Box2D/Box2D/Collision/b2TimeOfImpact.h">
			<Option target="Box2D-cmake"/>
		</Unit>
		<Unit filename="/home/hugo/Escritorio/MicroMachines/Servidor/3rd_party/Box2D-cmake/Box2D/Box2D/Common/b2BlockAllocator.cpp">
			<Option target="Box2D-cmake"/>
		</Unit>
		<Unit filename="/home/hugo/Escritorio/MicroMachines/Servidor/3rd_party/Box2D-cmake/Box2D/Box2D/Common/b2BlockAllocator.h">
			<Option target="Box2D-cmake"/>
		</Unit>
		<Unit filename="/home/hugo/Escritorio/MicroMachines/Servidor/3rd_party/Box2D-cmake/Box2D/Box2D/Common/b2Draw.cpp">
			<Option target="Box2D-cmake"/>
		</Unit>
		<Unit filename="/home/hugo/Escritorio/MicroMachines/Servidor/3rd_party/Box2D-cmake/Box2D/Box2D/Common/b2Draw.h">
			<Option target="Box2D-cmake"/>
		</Unit>
		<Unit filename="/home/hugo/Escritorio/MicroMachines/Servidor/3rd_party/Box2D-cmake/Box2D/Box2D/Common/b2Math.cpp">
			<Option target="Box2D-cmake"/>
		</Unit>
		<Unit filename="/home/hugo/Escritorio/MicroMachines/Servidor/3rd_party/Box2D-cmake/Box2D/Box2D/Common/b2Math.h">
			<Option target="Box2D-cmake"/>
		</Unit>
		<Unit filename="/home/hugo/Escritorio/MicroMachines/Servidor/3rd_party/Box2D-cmake/Box2D/Box2D/Common/b2Settings.cpp">
			<Option target="Box2D-cmake"/>
		</Unit>
		<Unit filename="/home/hugo/Escritorio/MicroMachines/Servidor/3rd_party/Box2D-cmake/Box2D/Box2D/Common/b2Settings.h">
			<Option target="Box2D-cmake"/>
		</Unit>
		<Unit filename="/home/hugo/Escritorio/MicroMachines/Servidor/3rd_party/Box2D-cmake/Box2D/Box2D/Common/b2StackAllocator.cpp">
			<Option target="Box2D-cmake"/>
		</Unit>
		<Unit filename="/home/hugo/Escritorio/MicroMachines/Servidor/3rd_party/Box2D-cmake/Box2D/Box2D/Common/b2StackAllocator.h">
			<Option target="Box2D-cmake"/>
		</Unit>
		<Unit filename="/home/hugo/Escritorio/MicroMachines/Servidor/3rd_party/Box2D-cmake/Box2D/Box2D/Common/b2Timer.cpp">
			<Option target="Box2D-cmake"/>
		</Unit>
		<Unit filename="/home/hugo/Escritorio/MicroMachines/Servidor/3rd_party/Box2D-cmake/Box2D/Box2D/Common/b2Timer.h">
			<Option target="Box2D-cmake"/>
		</Unit>
		<Unit filename="/home/hugo/Escritorio/MicroMachines/Servidor/3rd_party/Box2D-cmake/Box2D/Box2D/Dynamics/Contacts/b2ChainAndCircleContact.cpp">
			<Option target="Box2D-cmake"/>
		</Unit>
		<Unit filename="/home/hugo/Escritorio/MicroMachines/Servidor/3rd_party/Box2D-cmake/Box2D/Box2D/Dynamics/Contacts/b2ChainAndCircleContact.h">
			<Option target="Box2D-cmake"/>
		</Unit>
		<Unit filename="/home/hugo/Escritorio/MicroMachines/Servidor/3rd_party/Box2D-cmake/Box2D/Box2D/Dynamics/Contacts/b2ChainAndPolygonContact.cpp">
			<Option target="Box2D-cmake"/>
		</Unit>
		<Unit filename="/home/hugo/Escritorio/MicroMachines/Servidor/3rd_party/Box2D-cmake/Box2D/Box2D/Dynamics/Contacts/b2ChainAndPolygonContact.h">
			<Option target="Box2D-cmake"/>
		</Unit>
		<Unit filename="/home/hugo/Escritorio/MicroMachines/Servidor/3rd_party/Box2D-cmake/Box2D/Box2D/Dynamics/Contacts/b2CircleContact.cpp">
			<Option target="Box2D-cmake"/>
		</Unit>
		<Unit filename="/home/hugo/Escritorio/MicroMachines/Servidor/3rd_party/Box2D-cmake/Box2D/Box2D/Dynamics/Contacts/b2CircleContact.h">
			<Option target="Box2D-cmake"/>
		</Unit>
		<Unit filename="/home/hugo/Escritorio/MicroMachines/Servidor/3rd_party/Box2D-cmake/Box2D/Box2D/Dynamics/Contacts/b2Contact.cpp">
			<Option target="Box2D-cmake"/>
		</Unit>
		<Unit filename="/home/hugo/Escritorio/MicroMachines/Servidor/3rd_party/Box2D-cmake/Box2D/Box2D/Dynamics/Contacts/b2Contact.h">
			<Option target="Box2D-cmake"/>
		</Unit>
		<Unit filename="/home/hugo/Escritorio/MicroMachines/Servidor/3rd_party/Box2D-cmake/Box2D/Box2D/Dynamics/Contacts/b2ContactSolver.cpp">
			<Option target="Box2D-cmake"/>
		</Unit>
		<Unit filename="/home/hugo/Escritorio/MicroMachines/Servidor/3rd_party/Box2D-cmake/Box2D/Box2D/Dynamics/Contacts/b2ContactSolver.h">
			<Option target="Box2D-cmake"/>
		</Unit>
		<Unit filename="/home/hugo/Escritorio/MicroMachines/Servidor/3rd_party/Box2D-cmake/Box2D/Box2D/Dynamics/Contacts/b2EdgeAndCircleContact.cpp">
			<Option target="Box2D-cmake"/>
		</Unit>
		<Unit filename="/home/hugo/Escritorio/MicroMachines/Servidor/3rd_party/Box2D-cmake/Box2D/Box2D/Dynamics/Contacts/b2EdgeAndCircleContact.h">
			<Option target="Box2D-cmake"/>
		</Unit>
		<Unit filename="/home/hugo/Escritorio/MicroMachines/Servidor/3rd_party/Box2D-cmake/Box2D/Box2D/Dynamics/Contacts/b2EdgeAndPolygonContact.cpp">
			<Option target="Box2D-cmake"/>
		</Unit>
		<Unit filename="/home/hugo/Escritorio/MicroMachines/Servidor/3rd_party/Box2D-cmake/Box2D/Box2D/Dynamics/Contacts/b2EdgeAndPolygonContact.h">
			<Option target="Box2D-cmake"/>
		</Unit>
		<Unit filename="/home/hugo/Escritorio/MicroMachines/Servidor/3rd_party/Box2D-cmake/Box2D/Box2D/Dynamics/Contacts/b2PolygonAndCircleContact.cpp">
			<Option target="Box2D-cmake"/>
		</Unit>
		<Unit filename="/home/hugo/Escritorio/MicroMachines/Servidor/3rd_party/Box2D-cmake/Box2D/Box2D/Dynamics/Contacts/b2PolygonAndCircleContact.h">
			<Option target="Box2D-cmake"/>
		</Unit>
		<Unit filename="/home/hugo/Escritorio/MicroMachines/Servidor/3rd_party/Box2D-cmake/Box2D/Box2D/Dynamics/Contacts/b2PolygonContact.cpp">
			<Option target="Box2D-cmake"/>
		</Unit>
		<Unit filename="/home/hugo/Escritorio/MicroMachines/Servidor/3rd_party/Box2D-cmake/Box2D/Box2D/Dynamics/Contacts/b2PolygonContact.h">
			<Option target="Box2D-cmake"/>
		</Unit>
		<Unit filename="/home/hugo/Escritorio/MicroMachines/Servidor/3rd_party/Box2D-cmake/Box2D/Box2D/Dynamics/Joints/b2DistanceJoint.cpp">
			<Option target="Box2D-cmake"/>
		</Unit>
		<Unit filename="/home/hugo/Escritorio/MicroMachines/Servidor/3rd_party/Box2D-cmake/Box2D/Box2D/Dynamics/Joints/b2DistanceJoint.h">
			<Option target="Box2D-cmake"/>
		</Unit>
		<Unit filename="/home/hugo/Escritorio/MicroMachines/Servidor/3rd_party/Box2D-cmake/Box2D/Box2D/Dynamics/Joints/b2FrictionJoint.cpp">
			<Option target="Box2D-cmake"/>
		</Unit>
		<Unit filename="/home/hugo/Escritorio/MicroMachines/Servidor/3rd_party/Box2D-cmake/Box2D/Box2D/Dynamics/Joints/b2FrictionJoint.h">
			<Option target="Box2D-cmake"/>
		</Unit>
		<Unit filename="/home/hugo/Escritorio/MicroMachines/Servidor/3rd_party/Box2D-cmake/Box2D/Box2D/Dynamics/Joints/b2GearJoint.cpp">
			<Option target="Box2D-cmake"/>
		</Unit>
		<Unit filename="/home/hugo/Escritorio/MicroMachines/Servidor/3rd_party/Box2D-cmake/Box2D/Box2D/Dynamics/Joints/b2GearJoint.h">
			<Option target="Box2D-cmake"/>
		</Unit>
		<Unit filename="/home/hugo/Escritorio/MicroMachines/Servidor/3rd_party/Box2D-cmake/Box2D/Box2D/Dynamics/Joints/b2Joint.cpp">
			<Option target="Box2D-cmake"/>
		</Unit>
		<Unit filename="/home/hugo/Escritorio/MicroMachines/Servidor/3rd_party/Box2D-cmake/Box2D/Box2D/Dynamics/Joints/b2Joint.h">
			<Option target="Box2D-cmake"/>
		</Unit>
		<Unit filename="/home/hugo/Escritorio/MicroMachines/Servidor/3rd_party/Box2D-cmake/Box2D/Box2D/Dynamics/Joints/b2MotorJoint.cpp">
			<Option target="Box2D-cmake"/>
		</Unit>
		<Unit filename="/home/hugo/Escritorio/MicroMachines/Servidor/3rd_party/Box2D-cmake/Box2D/Box2D/Dynamics/Joints/b2MotorJoint.h">
			<Option target="Box2D-cmake"/>
		</Unit>
		<Unit filename="/home/hugo/Escritorio/MicroMachines/Servidor/3rd_party/Box2D-cmake/Box2D/Box2D/Dynamics/Joints/b2MouseJoint.cpp">
			<Option target="Box2D-cmake"/>
		</Unit>
		<Unit filename="/home/hugo/Escritorio/MicroMachines/Servidor/3rd_party/Box2D-cmake/Box2D/Box2D/Dynamics/Joints/b2MouseJoint.h">
			<Option target="Box2D-cmake"/>
		</Unit>
		<Unit filename="/home/hugo/Escritorio/MicroMachines/Servidor/3rd_party/Box2D-cmake/Box2D/Box2D/Dynamics/Joints/b2PrismaticJoint.cpp">
			<Option target="Box2D-cmake"/>
		</Unit>
		<Unit filename="/home/hugo/Escritorio/MicroMachines/Servidor/3rd_party/Box2D-cmake/Box2D/Box2D/Dynamics/Joints/b2PrismaticJoint.h">
			<Option target="Box2D-cmake"/>
		</Unit>
		<Unit filename="/home/hugo/Escritorio/MicroMachines/Servidor/3rd_party/Box2D-cmake/Box2D/Box2D/Dynamics/Joints/b2PulleyJoint.cpp">
			<Option target="Box2D-cmake"/>
		</Unit>
		<Unit filename="/home/hugo/Escritorio/MicroMachines/Servidor/3rd_party/Box2D-cmake/Box2D/Box2D/Dynamics/Joints/b2PulleyJoint.h">
			<Option target="Box2D-cmake"/>
		</Unit>
		<Unit filename="/home/hugo/Escritorio/MicroMachines/Servidor/3rd_party/Box2D-cmake/Box2D/Box2D/Dynamics/Joints/b2RevoluteJoint.cpp">
			<Option target="Box2D-cmake"/>
		</Unit>
		<Unit filename="/home/hugo/Escritorio/MicroMachines/Servidor/3rd_party/Box2D-cmake/Box2D/Box2D/Dynamics/Joints/b2RevoluteJoint.h">
			<Option target="Box2D-cmake"/>
		</Unit>
		<Unit filename="/home/hugo/Escritorio/MicroMachines/Servidor/3rd_party/Box2D-cmake/Box2D/Box2D/Dynamics/Joints/b2RopeJoint.cpp">
			<Option target="Box2D-cmake"/>
		</Unit>
		<Unit filename="/home/hugo/Escritorio/MicroMachines/Servidor/3rd_party/Box2D-cmake/Box2D/Box2D/Dynamics/Joints/b2RopeJoint.h">
			<Option target="Box2D-cmake"/>
		</Unit>
		<Unit filename="/home/hugo/Escritorio/MicroMachines/Servidor/3rd_party/Box2D-cmake/Box2D/Box2D/Dynamics/Joints/b2WeldJoint.cpp">
			<Option target="Box2D-cmake"/>
		</Unit>
		<Unit filename="/home/hugo/Escritorio/MicroMachines/Servidor/3rd_party/Box2D-cmake/Box2D/Box2D/Dynamics/Joints/b2WeldJoint.h">
			<Option target="Box2D-cmake"/>
		</Unit>
		<Unit filename="/home/hugo/Escritorio/MicroMachines/Servidor/3rd_party/Box2D-cmake/Box2D/Box2D/Dynamics/Joints/b2WheelJoint.cpp">
			<Option target="Box2D-cmake"/>
		</Unit>
		<Unit filename="/home/hugo/Escritorio/MicroMachines/Servidor/3rd_party/Box2D-cmake/Box2D/Box2D/Dynamics/Joints/b2WheelJoint.h">
			<Option target="Box2D-cmake"/>
		</Unit>
		<Unit filename="/home/hugo/Escritorio/MicroMachines/Servidor/3rd_party/Box2D-cmake/Box2D/Box2D/Dynamics/b2Body.cpp">
			<Option target="Box2D-cmake"/>
		</Unit>
		<Unit filename="/home/hugo/Escritorio/MicroMachines/Servidor/3rd_party/Box2D-cmake/Box2D/Box2D/Dynamics/b2Body.h">
			<Option target="Box2D-cmake"/>
		</Unit>
		<Unit filename="/home/hugo/Escritorio/MicroMachines/Servidor/3rd_party/Box2D-cmake/Box2D/Box2D/Dynamics/b2ContactManager.cpp">
			<Option target="Box2D-cmake"/>
		</Unit>
		<Unit filename="/home/hugo/Escritorio/MicroMachines/Servidor/3rd_party/Box2D-cmake/Box2D/Box2D/Dynamics/b2ContactManager.h">
			<Option target="Box2D-cmake"/>
		</Unit>
		<Unit filename="/home/hugo/Escritorio/MicroMachines/Servidor/3rd_party/Box2D-cmake/Box2D/Box2D/Dynamics/b2Fixture.cpp">
			<Option target="Box2D-cmake"/>
		</Unit>
		<Unit filename="/home/hugo/Escritorio/MicroMachines/Servidor/3rd_party/Box2D-cmake/Box2D/Box2D/Dynamics/b2Fixture.h">
			<Option target="Box2D-cmake"/>
		</Unit>
		<Unit filename="/home/hugo/Escritorio/MicroMachines/Servidor/3rd_party/Box2D-cmake/Box2D/Box2D/Dynamics/b2Island.cpp">
			<Option target="Box2D-cmake"/>
		</Unit>
		<Unit filename="/home/hugo/Escritorio/MicroMachines/Servidor/3rd_party/Box2D-cmake/Box2D/Box2D/Dynamics/b2Island.h">
			<Option target="Box2D-cmake"/>
		</Unit>
		<Unit filename="/home/hugo/Escritorio/MicroMachines/Servidor/3rd_party/Box2D-cmake/Box2D/Box2D/Dynamics/b2World.cpp">
			<Option target="Box2D-cmake"/>
		</Unit>
		<Unit filename="/home/hugo/Escritorio/MicroMachines/Servidor/3rd_party/Box2D-cmake/Box2D/Box2D/Dynamics/b2World.h">
			<Option target="Box2D-cmake"/>
		</Unit>
		<Unit filename="/home/hugo/Escritorio/MicroMachines/Servidor/3rd_party/Box2D-cmake/Box2D/Box2D/Dynamics/b2WorldCallbacks.cpp">
			<Option target="Box2D-cmake"/>
		</Unit>
		<Unit filename="/home/hugo/Escritorio/MicroMachines/Servidor/3rd_party/Box2D-cmake/Box2D/Box2D/Dynamics/b2WorldCallbacks.h">
			<Option target="Box2D-cmake"/>
		</Unit>
		<Unit filename="/home/hugo/Escritorio/MicroMachines/Servidor/3rd_party/Box2D-cmake/Box2D/Box2D/Rope/b2Rope.cpp">
			<Option target="Box2D-cmake"/>
		</Unit>
		<Unit filename="/home/hugo/Escritorio/MicroMachines/Servidor/3rd_party/Box2D-cmake/Box2D/Box2D/Rope/b2Rope.h">
			<Option target="Box2D-cmake"/>
		</Unit>
		<Unit filename="/home/hugo/Escritorio/MicroMachines/Servidor/3rd_party/Box2D-cmake/Box2D/Testbed/Framework/DebugDraw.cpp">
			<Option target="Box2D-cmake"/>
		</Unit>
		<Unit filename="/home/hugo/Escritorio/MicroMachines/Servidor/3rd_party/Box2D-cmake/Box2D/Testbed/Framework/DebugDraw.h">
			<Option target="Box2D-cmake"/>
		</Unit>
		<Unit filename="/home/hugo/Escritorio/MicroMachines/Servidor/3rd_party/Box2D-cmake/Box2D/Testbed/glad/glad.c">
			<Option target="Box2D-cmake"/>
		</Unit>
		<Unit filename="/home/hugo/Escritorio/MicroMachines/Servidor/3rd_party/Box2D-cmake/Box2D/Testbed/glad/glad.h">
			<Option target="Box2D-cmake"/>
		</Unit>
		<Unit filename="/home/hugo/Escritorio/MicroMachines/Servidor/3rd_party/Box2D-cmake/Box2D/Testbed/imgui/imgui.cpp">
			<Option target="Box2D-cmake"/>
		</Unit>
		<Unit filename="/home/hugo/Escritorio/MicroMachines/Servidor/3rd_party/Box2D-cmake/Box2D/Testbed/imgui/imgui.h">
			<Option target="Box2D-cmake"/>
		</Unit>
		<Unit filename="/home/hugo/Escritorio/MicroMachines/Servidor/3rd_party/Box2D-cmake/Box2D/Testbed/imgui/imgui_demo.cpp">
			<Option target="Box2D-cmake"/>
		</Unit>
		<Unit filename="/home/hugo/Escritorio/MicroMachines/Servidor/3rd_party/Box2D-cmake/Box2D/Testbed/imgui/imgui_draw.cpp">
			<Option target="Box2D-cmake"/>
		</Unit>
		<Unit filename="/home/hugo/Escritorio/MicroMachines/Servidor/3rd_party/Box2D-cmake/Box2D/Testbed/imgui/imgui_impl_glfw_gl3.cpp">
			<Option target="Box2D-cmake"/>
		</Unit>
		<Unit filename="/home/hugo/Escritorio/MicroMachines/Servidor/3rd_party/Box2D-cmake/Box2D/Testbed/imgui/imgui_impl_glfw_gl3.h">
			<Option target="Box2D-cmake"/>
		</Unit>
		<Unit filename="/home/hugo/Escritorio/MicroMachines/Servidor/Acciones/Accion.cpp">
			<Option target="tp"/>
		</Unit>
		<Unit filename="/home/hugo/Escritorio/MicroMachines/Servidor/Acciones/Accion.h">
			<Option target="tp"/>
		</Unit>
		<Unit filename="/home/hugo/Escritorio/MicroMachines/Servidor/Acciones/Acelerar.cpp">
			<Option target="tp"/>
		</Unit>
		<Unit filename="/home/hugo/Escritorio/MicroMachines/Servidor/Acciones/Acelerar.h">
			<Option target="tp"/>
		</Unit>
		<Unit filename="/home/hugo/Escritorio/MicroMachines/Servidor/Acciones/Frenar.cpp">
			<Option target="tp"/>
		</Unit>
		<Unit filename="/home/hugo/Escritorio/MicroMachines/Servidor/Acciones/Frenar.h">
			<Option target="tp"/>
		</Unit>
		<Unit filename="/home/hugo/Escritorio/MicroMachines/Servidor/Acciones/GiroADerecha.cpp">
			<Option target="tp"/>
		</Unit>
		<Unit filename="/home/hugo/Escritorio/MicroMachines/Servidor/Acciones/GiroADerecha.h">
			<Option target="tp"/>
		</Unit>
		<Unit filename="/home/hugo/Escritorio/MicroMachines/Servidor/Acciones/GiroAIzquierda.cpp">
			<Option target="tp"/>
		</Unit>
		<Unit filename="/home/hugo/Escritorio/MicroMachines/Servidor/Acciones/GiroAIzquierda.h">
			<Option target="tp"/>
		</Unit>
		<Unit filename="/home/hugo/Escritorio/MicroMachines/Servidor/Comunicacion/ClienteProxy.cpp">
			<Option target="tp"/>
		</Unit>
		<Unit filename="/home/hugo/Escritorio/MicroMachines/Servidor/Comunicacion/ClienteProxy.h">
			<Option target="tp"/>
		</Unit>
		<Unit filename="/home/hugo/Escritorio/MicroMachines/Servidor/Comunicacion/Comandos/Comando.cpp">
			<Option target="tp"/>
		</Unit>
		<Unit filename="/home/hugo/Escritorio/MicroMachines/Servidor/Comunicacion/Comandos/Comando.h">
			<Option target="tp"/>
		</Unit>
		<Unit filename="/home/hugo/Escritorio/MicroMachines/Servidor/Comunicacion/Comandos/ElegirPartida.cpp">
			<Option target="tp"/>
		</Unit>
		<Unit filename="/home/hugo/Escritorio/MicroMachines/Servidor/Comunicacion/Comandos/ElegirPartida.h">
			<Option target="tp"/>
		</Unit>
		<Unit filename="/home/hugo/Escritorio/MicroMachines/Servidor/Comunicacion/Comandos/EnviarMapa.cpp">
			<Option target="tp"/>
		</Unit>
		<Unit filename="/home/hugo/Escritorio/MicroMachines/Servidor/Comunicacion/Comandos/EnviarMapa.h">
			<Option target="tp"/>
		</Unit>
		<Unit filename="/home/hugo/Escritorio/MicroMachines/Servidor/Comunicacion/Comandos/EnviarPosiciones.cpp">
			<Option target="tp"/>
		</Unit>
		<Unit filename="/home/hugo/Escritorio/MicroMachines/Servidor/Comunicacion/Comandos/EnviarPosiciones.h">
			<Option target="tp"/>
		</Unit>
		<Unit filename="/home/hugo/Escritorio/MicroMachines/Servidor/Comunicacion/Protocolo.cpp">
			<Option target="tp"/>
		</Unit>
		<Unit filename="/home/hugo/Escritorio/MicroMachines/Servidor/Comunicacion/Protocolo.h">
			<Option target="tp"/>
		</Unit>
		<Unit filename="/home/hugo/Escritorio/MicroMachines/Servidor/Comunicacion/Sockets/SocketAmigo.cpp">
			<Option target="tp"/>
		</Unit>
		<Unit filename="/home/hugo/Escritorio/MicroMachines/Servidor/Comunicacion/Sockets/SocketAmigo.h">
			<Option target="tp"/>
		</Unit>
		<Unit filename="/home/hugo/Escritorio/MicroMachines/Servidor/Comunicacion/Sockets/SocketException.cpp">
			<Option target="tp"/>
		</Unit>
		<Unit filename="/home/hugo/Escritorio/MicroMachines/Servidor/Comunicacion/Sockets/SocketException.h">
			<Option target="tp"/>
		</Unit>
		<Unit filename="/home/hugo/Escritorio/MicroMachines/Servidor/Comunicacion/Sockets/SocketPasivo.cpp">
			<Option target="tp"/>
		</Unit>
		<Unit filename="/home/hugo/Escritorio/MicroMachines/Servidor/Comunicacion/Sockets/SocketPasivo.h">
			<Option target="tp"/>
		</Unit>
		<Unit filename="/home/hugo/Escritorio/MicroMachines/Servidor/Comunicacion/Sockets/SocketPassiveException.cpp">
			<Option target="tp"/>
		</Unit>
		<Unit filename="/home/hugo/Escritorio/MicroMachines/Servidor/Comunicacion/Sockets/SocketPassiveException.h">
			<Option target="tp"/>
		</Unit>
		<Unit filename="/home/hugo/Escritorio/MicroMachines/Servidor/Comunicacion/Sockets/SocketPeerException.cpp">
			<Option target="tp"/>
		</Unit>
		<Unit filename="/home/hugo/Escritorio/MicroMachines/Servidor/Comunicacion/Sockets/SocketPeerException.h">
			<Option target="tp"/>
		</Unit>
		<Unit filename="/home/hugo/Escritorio/MicroMachines/Servidor/Comunicacion/Utilidades.cpp">
			<Option target="tp"/>
		</Unit>
		<Unit filename="/home/hugo/Escritorio/MicroMachines/Servidor/Comunicacion/Utilidades.h">
			<Option target="tp"/>
		</Unit>
		<Unit filename="/home/hugo/Escritorio/MicroMachines/Servidor/ConfiguracionServidor.cpp">
			<Option target="tp"/>
		</Unit>
		<Unit filename="/home/hugo/Escritorio/MicroMachines/Servidor/ConfiguracionServidor.h">
			<Option target="tp"/>
		</Unit>
		<Unit filename="/home/hugo/Escritorio/MicroMachines/Servidor/Hilo.h">
			<Option target="tp"/>
		</Unit>
		<Unit filename="/home/hugo/Escritorio/MicroMachines/Servidor/Objetos/Carro/Agarre.cpp">
			<Option target="tp"/>
		</Unit>
		<Unit filename="/home/hugo/Escritorio/MicroMachines/Servidor/Objetos/Carro/Agarre.h">
			<Option target="tp"/>
		</Unit>
		<Unit filename="/home/hugo/Escritorio/MicroMachines/Servidor/Objetos/Carro/Carro.cpp">
			<Option target="tp"/>
		</Unit>
		<Unit filename="/home/hugo/Escritorio/MicroMachines/Servidor/Objetos/Carro/Carro.h">
			<Option target="tp"/>
		</Unit>
		<Unit filename="/home/hugo/Escritorio/MicroMachines/Servidor/Objetos/Carro/EstadoVelocidad.cpp">
			<Option target="tp"/>
		</Unit>
		<Unit filename="/home/hugo/Escritorio/MicroMachines/Servidor/Objetos/Carro/EstadoVelocidad.h">
			<Option target="tp"/>
		</Unit>
		<Unit filename="/home/hugo/Escritorio/MicroMachines/Servidor/Objetos/Carro/Velocidad.cpp">
			<Option target="tp"/>
		</Unit>
		<Unit filename="/home/hugo/Escritorio/MicroMachines/Servidor/Objetos/Carro/Velocidad.h">
			<Option target="tp"/>
		</Unit>
		<Unit filename="/home/hugo/Escritorio/MicroMachines/Servidor/Objetos/Carro/VelocidadBase.cpp">
			<Option target="tp"/>
		</Unit>
		<Unit filename="/home/hugo/Escritorio/MicroMachines/Servidor/Objetos/Carro/VelocidadBase.h">
			<Option target="tp"/>
		</Unit>
		<Unit filename="/home/hugo/Escritorio/MicroMachines/Servidor/Objetos/Carro/VelocidadBoost.cpp">
			<Option target="tp"/>
		</Unit>
		<Unit filename="/home/hugo/Escritorio/MicroMachines/Servidor/Objetos/Carro/VelocidadBoost.h">
			<Option target="tp"/>
		</Unit>
		<Unit filename="/home/hugo/Escritorio/MicroMachines/Servidor/Objetos/Carro/Vida.cpp">
			<Option target="tp"/>
		</Unit>
		<Unit filename="/home/hugo/Escritorio/MicroMachines/Servidor/Objetos/Carro/Vida.h">
			<Option target="tp"/>
		</Unit>
		<Unit filename="/home/hugo/Escritorio/MicroMachines/Servidor/Objetos/Carro/Visibilidad.cpp">
			<Option target="tp"/>
		</Unit>
		<Unit filename="/home/hugo/Escritorio/MicroMachines/Servidor/Objetos/Carro/Visibilidad.h">
			<Option target="tp"/>
		</Unit>
		<Unit filename="/home/hugo/Escritorio/MicroMachines/Servidor/Objetos/Modificadores/Aceite.cpp">
			<Option target="tp"/>
		</Unit>
		<Unit filename="/home/hugo/Escritorio/MicroMachines/Servidor/Objetos/Modificadores/Aceite.h">
			<Option target="tp"/>
		</Unit>
		<Unit filename="/home/hugo/Escritorio/MicroMachines/Servidor/Objetos/Modificadores/Barro.cpp">
			<Option target="tp"/>
		</Unit>
		<Unit filename="/home/hugo/Escritorio/MicroMachines/Servidor/Objetos/Modificadores/Barro.h">
			<Option target="tp"/>
		</Unit>
		<Unit filename="/home/hugo/Escritorio/MicroMachines/Servidor/Objetos/Modificadores/Boost.cpp">
			<Option target="tp"/>
		</Unit>
		<Unit filename="/home/hugo/Escritorio/MicroMachines/Servidor/Objetos/Modificadores/Boost.h">
			<Option target="tp"/>
		</Unit>
		<Unit filename="/home/hugo/Escritorio/MicroMachines/Servidor/Objetos/Modificadores/CajaDeSalud.cpp">
			<Option target="tp"/>
		</Unit>
		<Unit filename="/home/hugo/Escritorio/MicroMachines/Servidor/Objetos/Modificadores/CajaDeSalud.h">
			<Option target="tp"/>
		</Unit>
		<Unit filename="/home/hugo/Escritorio/MicroMachines/Servidor/Objetos/Modificadores/Modificador.cpp">
			<Option target="tp"/>
		</Unit>
		<Unit filename="/home/hugo/Escritorio/MicroMachines/Servidor/Objetos/Modificadores/Modificador.h">
			<Option target="tp"/>
		</Unit>
		<Unit filename="/home/hugo/Escritorio/MicroMachines/Servidor/Objetos/Modificadores/Piedra.cpp">
			<Option target="tp"/>
		</Unit>
		<Unit filename="/home/hugo/Escritorio/MicroMachines/Servidor/Objetos/Modificadores/Piedra.h">
			<Option target="tp"/>
		</Unit>
		<Unit filename="/home/hugo/Escritorio/MicroMachines/Servidor/Objetos/Objeto.cpp">
			<Option target="tp"/>
		</Unit>
		<Unit filename="/home/hugo/Escritorio/MicroMachines/Servidor/Objetos/Objeto.h">
			<Option target="tp"/>
		</Unit>
		<Unit filename="/home/hugo/Escritorio/MicroMachines/Servidor/Objetos/Suelos/Asfalto.cpp">
			<Option target="tp"/>
		</Unit>
		<Unit filename="/home/hugo/Escritorio/MicroMachines/Servidor/Objetos/Suelos/Asfalto.h">
			<Option target="tp"/>
		</Unit>
		<Unit filename="/home/hugo/Escritorio/MicroMachines/Servidor/Objetos/Suelos/Curva.cpp">
			<Option target="tp"/>
		</Unit>
		<Unit filename="/home/hugo/Escritorio/MicroMachines/Servidor/Objetos/Suelos/Curva.h">
			<Option target="tp"/>
		</Unit>
		<Unit filename="/home/hugo/Escritorio/MicroMachines/Servidor/Objetos/Suelos/LimiteDePista.cpp">
			<Option target="tp"/>
		</Unit>
		<Unit filename="/home/hugo/Escritorio/MicroMachines/Servidor/Objetos/Suelos/LimiteDePista.h">
			<Option target="tp"/>
		</Unit>
		<Unit filename="/home/hugo/Escritorio/MicroMachines/Servidor/Objetos/Suelos/Material.cpp">
			<Option target="tp"/>
		</Unit>
		<Unit filename="/home/hugo/Escritorio/MicroMachines/Servidor/Objetos/Suelos/Material.h">
			<Option target="tp"/>
		</Unit>
		<Unit filename="/home/hugo/Escritorio/MicroMachines/Servidor/Objetos/Suelos/Pasto.cpp">
			<Option target="tp"/>
		</Unit>
		<Unit filename="/home/hugo/Escritorio/MicroMachines/Servidor/Objetos/Suelos/Pasto.h">
			<Option target="tp"/>
		</Unit>
		<Unit filename="/home/hugo/Escritorio/MicroMachines/Servidor/Objetos/Suelos/Recta.cpp">
			<Option target="tp"/>
		</Unit>
		<Unit filename="/home/hugo/Escritorio/MicroMachines/Servidor/Objetos/Suelos/Recta.h">
			<Option target="tp"/>
		</Unit>
		<Unit filename="/home/hugo/Escritorio/MicroMachines/Servidor/Partida/ManejadorDeContactos.cpp">
			<Option target="tp"/>
		</Unit>
		<Unit filename="/home/hugo/Escritorio/MicroMachines/Servidor/Partida/ManejadorDeContactos.h">
			<Option target="tp"/>
		</Unit>
		<Unit filename="/home/hugo/Escritorio/MicroMachines/Servidor/Partida/MundoBox2D.cpp">
			<Option target="tp"/>
		</Unit>
		<Unit filename="/home/hugo/Escritorio/MicroMachines/Servidor/Partida/MundoBox2D.h">
			<Option target="tp"/>
		</Unit>
		<Unit filename="/home/hugo/Escritorio/MicroMachines/Servidor/Partida/Partida.cpp">
			<Option target="tp"/>
		</Unit>
		<Unit filename="/home/hugo/Escritorio/MicroMachines/Servidor/Partida/Partida.h">
			<Option target="tp"/>
		</Unit>
		<Unit filename="/home/hugo/Escritorio/MicroMachines/Servidor/Partida/Pista.cpp">
			<Option target="tp"/>
		</Unit>
		<Unit filename="/home/hugo/Escritorio/MicroMachines/Servidor/Partida/Pista.h">
			<Option target="tp"/>
		</Unit>
		<Unit filename="/home/hugo/Escritorio/MicroMachines/Servidor/Planos/PlanoDeCarro.cpp">
			<Option target="tp"/>
		</Unit>
		<Unit filename="/home/hugo/Escritorio/MicroMachines/Servidor/Planos/PlanoDeCarro.h">
			<Option target="tp"/>
		</Unit>
		<Unit filename="/home/hugo/Escritorio/MicroMachines/Servidor/Planos/PlanoDeCurva.cpp">
			<Option target="tp"/>
		</Unit>
		<Unit filename="/home/hugo/Escritorio/MicroMachines/Servidor/Planos/PlanoDeCurva.h">
			<Option target="tp"/>
		</Unit>
		<Unit filename="/home/hugo/Escritorio/MicroMachines/Servidor/Planos/PlanoDePista.cpp">
			<Option target="tp"/>
		</Unit>
		<Unit filename="/home/hugo/Escritorio/MicroMachines/Servidor/Planos/PlanoDePista.h">
			<Option target="tp"/>
		</Unit>
		<Unit filename="/home/hugo/Escritorio/MicroMachines/Servidor/Planos/PlanoDeRecta.cpp">
			<Option target="tp"/>
		</Unit>
		<Unit filename="/home/hugo/Escritorio/MicroMachines/Servidor/Planos/PlanoDeRecta.h">
			<Option target="tp"/>
		</Unit>
		<Unit filename="/home/hugo/Escritorio/MicroMachines/Servidor/Planos/PlanoDeSuelo.h">
			<Option target="tp"/>
		</Unit>
		<Unit filename="/home/hugo/Escritorio/MicroMachines/Servidor/Servidor.cpp">
			<Option target="tp"/>
		</Unit>
		<Unit filename="/home/hugo/Escritorio/MicroMachines/Servidor/Servidor.h">
			<Option target="tp"/>
		</Unit>
		<Unit filename="/home/hugo/Escritorio/MicroMachines/Servidor/ServidorException.cpp">
			<Option target="tp"/>
		</Unit>
		<Unit filename="/home/hugo/Escritorio/MicroMachines/Servidor/ServidorException.h">
			<Option target="tp"/>
		</Unit>
		<Unit filename="/home/hugo/Escritorio/MicroMachines/Servidor/main.cpp">
			<Option target="tp"/>
		</Unit>
		<Unit filename="/home/hugo/Escritorio/MicroMachines/Servidor/yaml-cpp/include/yaml-cpp/anchor.h">
			<Option target="yaml-cpp"/>
		</Unit>
		<Unit filename="/home/hugo/Escritorio/MicroMachines/Servidor/yaml-cpp/include/yaml-cpp/binary.h">
			<Option target="yaml-cpp"/>
		</Unit>
		<Unit filename="/home/hugo/Escritorio/MicroMachines/Servidor/yaml-cpp/include/yaml-cpp/contrib/anchordict.h">
			<Option target="yaml-cpp"/>
		</Unit>
		<Unit filename="/home/hugo/Escritorio/MicroMachines/Servidor/yaml-cpp/include/yaml-cpp/contrib/graphbuilder.h">
			<Option target="yaml-cpp"/>
		</Unit>
		<Unit filename="/home/hugo/Escritorio/MicroMachines/Servidor/yaml-cpp/include/yaml-cpp/dll.h">
			<Option target="yaml-cpp"/>
		</Unit>
		<Unit filename="/home/hugo/Escritorio/MicroMachines/Servidor/yaml-cpp/include/yaml-cpp/emitfromevents.h">
			<Option target="yaml-cpp"/>
		</Unit>
		<Unit filename="/home/hugo/Escritorio/MicroMachines/Servidor/yaml-cpp/include/yaml-cpp/emitter.h">
			<Option target="yaml-cpp"/>
		</Unit>
		<Unit filename="/home/hugo/Escritorio/MicroMachines/Servidor/yaml-cpp/include/yaml-cpp/emitterdef.h">
			<Option target="yaml-cpp"/>
		</Unit>
		<Unit filename="/home/hugo/Escritorio/MicroMachines/Servidor/yaml-cpp/include/yaml-cpp/emittermanip.h">
			<Option target="yaml-cpp"/>
		</Unit>
		<Unit filename="/home/hugo/Escritorio/MicroMachines/Servidor/yaml-cpp/include/yaml-cpp/emitterstyle.h">
			<Option target="yaml-cpp"/>
		</Unit>
		<Unit filename="/home/hugo/Escritorio/MicroMachines/Servidor/yaml-cpp/include/yaml-cpp/eventhandler.h">
			<Option target="yaml-cpp"/>
		</Unit>
		<Unit filename="/home/hugo/Escritorio/MicroMachines/Servidor/yaml-cpp/include/yaml-cpp/exceptions.h">
			<Option target="yaml-cpp"/>
		</Unit>
		<Unit filename="/home/hugo/Escritorio/MicroMachines/Servidor/yaml-cpp/include/yaml-cpp/mark.h">
			<Option target="yaml-cpp"/>
		</Unit>
		<Unit filename="/home/hugo/Escritorio/MicroMachines/Servidor/yaml-cpp/include/yaml-cpp/node/convert.h">
			<Option target="yaml-cpp"/>
		</Unit>
		<Unit filename="/home/hugo/Escritorio/MicroMachines/Servidor/yaml-cpp/include/yaml-cpp/node/detail/bool_type.h">
			<Option target="yaml-cpp"/>
		</Unit>
		<Unit filename="/home/hugo/Escritorio/MicroMachines/Servidor/yaml-cpp/include/yaml-cpp/node/detail/impl.h">
			<Option target="yaml-cpp"/>
		</Unit>
		<Unit filename="/home/hugo/Escritorio/MicroMachines/Servidor/yaml-cpp/include/yaml-cpp/node/detail/iterator.h">
			<Option target="yaml-cpp"/>
		</Unit>
		<Unit filename="/home/hugo/Escritorio/MicroMachines/Servidor/yaml-cpp/include/yaml-cpp/node/detail/iterator_fwd.h">
			<Option target="yaml-cpp"/>
		</Unit>
		<Unit filename="/home/hugo/Escritorio/MicroMachines/Servidor/yaml-cpp/include/yaml-cpp/node/detail/memory.h">
			<Option target="yaml-cpp"/>
		</Unit>
		<Unit filename="/home/hugo/Escritorio/MicroMachines/Servidor/yaml-cpp/include/yaml-cpp/node/detail/node.h">
			<Option target="yaml-cpp"/>
		</Unit>
		<Unit filename="/home/hugo/Escritorio/MicroMachines/Servidor/yaml-cpp/include/yaml-cpp/node/detail/node_data.h">
			<Option target="yaml-cpp"/>
		</Unit>
		<Unit filename="/home/hugo/Escritorio/MicroMachines/Servidor/yaml-cpp/include/yaml-cpp/node/detail/node_iterator.h">
			<Option target="yaml-cpp"/>
		</Unit>
		<Unit filename="/home/hugo/Escritorio/MicroMachines/Servidor/yaml-cpp/include/yaml-cpp/node/detail/node_ref.h">
			<Option target="yaml-cpp"/>
		</Unit>
		<Unit filename="/home/hugo/Escritorio/MicroMachines/Servidor/yaml-cpp/include/yaml-cpp/node/emit.h">
			<Option target="yaml-cpp"/>
		</Unit>
		<Unit filename="/home/hugo/Escritorio/MicroMachines/Servidor/yaml-cpp/include/yaml-cpp/node/impl.h">
			<Option target="yaml-cpp"/>
		</Unit>
		<Unit filename="/home/hugo/Escritorio/MicroMachines/Servidor/yaml-cpp/include/yaml-cpp/node/iterator.h">
			<Option target="yaml-cpp"/>
		</Unit>
		<Unit filename="/home/hugo/Escritorio/MicroMachines/Servidor/yaml-cpp/include/yaml-cpp/node/node.h">
			<Option target="yaml-cpp"/>
		</Unit>
		<Unit filename="/home/hugo/Escritorio/MicroMachines/Servidor/yaml-cpp/include/yaml-cpp/node/parse.h">
			<Option target="yaml-cpp"/>
		</Unit>
		<Unit filename="/home/hugo/Escritorio/MicroMachines/Servidor/yaml-cpp/include/yaml-cpp/node/ptr.h">
			<Option target="yaml-cpp"/>
		</Unit>
		<Unit filename="/home/hugo/Escritorio/MicroMachines/Servidor/yaml-cpp/include/yaml-cpp/node/type.h">
			<Option target="yaml-cpp"/>
		</Unit>
		<Unit filename="/home/hugo/Escritorio/MicroMachines/Servidor/yaml-cpp/include/yaml-cpp/null.h">
			<Option target="yaml-cpp"/>
		</Unit>
		<Unit filename="/home/hugo/Escritorio/MicroMachines/Servidor/yaml-cpp/include/yaml-cpp/ostream_wrapper.h">
			<Option target="yaml-cpp"/>
		</Unit>
		<Unit filename="/home/hugo/Escritorio/MicroMachines/Servidor/yaml-cpp/include/yaml-cpp/parser.h">
			<Option target="yaml-cpp"/>
		</Unit>
		<Unit filename="/home/hugo/Escritorio/MicroMachines/Servidor/yaml-cpp/include/yaml-cpp/stlemitter.h">
			<Option target="yaml-cpp"/>
		</Unit>
		<Unit filename="/home/hugo/Escritorio/MicroMachines/Servidor/yaml-cpp/include/yaml-cpp/traits.h">
			<Option target="yaml-cpp"/>
		</Unit>
		<Unit filename="/home/hugo/Escritorio/MicroMachines/Servidor/yaml-cpp/include/yaml-cpp/yaml.h">
			<Option target="yaml-cpp"/>
		</Unit>
		<Unit filename="/home/hugo/Escritorio/MicroMachines/Servidor/yaml-cpp/src/binary.cpp">
			<Option target="yaml-cpp"/>
		</Unit>
		<Unit filename="/home/hugo/Escritorio/MicroMachines/Servidor/yaml-cpp/src/collectionstack.h">
			<Option target="yaml-cpp"/>
		</Unit>
		<Unit filename="/home/hugo/Escritorio/MicroMachines/Servidor/yaml-cpp/src/contrib/graphbuilder.cpp">
			<Option target="yaml-cpp"/>
		</Unit>
		<Unit filename="/home/hugo/Escritorio/MicroMachines/Servidor/yaml-cpp/src/contrib/graphbuilderadapter.cpp">
			<Option target="yaml-cpp"/>
		</Unit>
		<Unit filename="/home/hugo/Escritorio/MicroMachines/Servidor/yaml-cpp/src/contrib/graphbuilderadapter.h">
			<Option target="yaml-cpp"/>
		</Unit>
		<Unit filename="/home/hugo/Escritorio/MicroMachines/Servidor/yaml-cpp/src/convert.cpp">
			<Option target="yaml-cpp"/>
		</Unit>
		<Unit filename="/home/hugo/Escritorio/MicroMachines/Servidor/yaml-cpp/src/directives.cpp">
			<Option target="yaml-cpp"/>
		</Unit>
		<Unit filename="/home/hugo/Escritorio/MicroMachines/Servidor/yaml-cpp/src/directives.h">
			<Option target="yaml-cpp"/>
		</Unit>
		<Unit filename="/home/hugo/Escritorio/MicroMachines/Servidor/yaml-cpp/src/emit.cpp">
			<Option target="yaml-cpp"/>
		</Unit>
		<Unit filename="/home/hugo/Escritorio/MicroMachines/Servidor/yaml-cpp/src/emitfromevents.cpp">
			<Option target="yaml-cpp"/>
		</Unit>
		<Unit filename="/home/hugo/Escritorio/MicroMachines/Servidor/yaml-cpp/src/emitter.cpp">
			<Option target="yaml-cpp"/>
		</Unit>
		<Unit filename="/home/hugo/Escritorio/MicroMachines/Servidor/yaml-cpp/src/emitterstate.cpp">
			<Option target="yaml-cpp"/>
		</Unit>
		<Unit filename="/home/hugo/Escritorio/MicroMachines/Servidor/yaml-cpp/src/emitterstate.h">
			<Option target="yaml-cpp"/>
		</Unit>
		<Unit filename="/home/hugo/Escritorio/MicroMachines/Servidor/yaml-cpp/src/emitterutils.cpp">
			<Option target="yaml-cpp"/>
		</Unit>
		<Unit filename="/home/hugo/Escritorio/MicroMachines/Servidor/yaml-cpp/src/emitterutils.h">
			<Option target="yaml-cpp"/>
		</Unit>
		<Unit filename="/home/hugo/Escritorio/MicroMachines/Servidor/yaml-cpp/src/exceptions.cpp">
			<Option target="yaml-cpp"/>
		</Unit>
		<Unit filename="/home/hugo/Escritorio/MicroMachines/Servidor/yaml-cpp/src/exp.cpp">
			<Option target="yaml-cpp"/>
		</Unit>
		<Unit filename="/home/hugo/Escritorio/MicroMachines/Servidor/yaml-cpp/src/exp.h">
			<Option target="yaml-cpp"/>
		</Unit>
		<Unit filename="/home/hugo/Escritorio/MicroMachines/Servidor/yaml-cpp/src/indentation.h">
			<Option target="yaml-cpp"/>
		</Unit>
		<Unit filename="/home/hugo/Escritorio/MicroMachines/Servidor/yaml-cpp/src/memory.cpp">
			<Option target="yaml-cpp"/>
		</Unit>
		<Unit filename="/home/hugo/Escritorio/MicroMachines/Servidor/yaml-cpp/src/node.cpp">
			<Option target="yaml-cpp"/>
		</Unit>
		<Unit filename="/home/hugo/Escritorio/MicroMachines/Servidor/yaml-cpp/src/node_data.cpp">
			<Option target="yaml-cpp"/>
		</Unit>
		<Unit filename="/home/hugo/Escritorio/MicroMachines/Servidor/yaml-cpp/src/nodebuilder.cpp">
			<Option target="yaml-cpp"/>
		</Unit>
		<Unit filename="/home/hugo/Escritorio/MicroMachines/Servidor/yaml-cpp/src/nodebuilder.h">
			<Option target="yaml-cpp"/>
		</Unit>
		<Unit filename="/home/hugo/Escritorio/MicroMachines/Servidor/yaml-cpp/src/nodeevents.cpp">
			<Option target="yaml-cpp"/>
		</Unit>
		<Unit filename="/home/hugo/Escritorio/MicroMachines/Servidor/yaml-cpp/src/nodeevents.h">
			<Option target="yaml-cpp"/>
		</Unit>
		<Unit filename="/home/hugo/Escritorio/MicroMachines/Servidor/yaml-cpp/src/null.cpp">
			<Option target="yaml-cpp"/>
		</Unit>
		<Unit filename="/home/hugo/Escritorio/MicroMachines/Servidor/yaml-cpp/src/ostream_wrapper.cpp">
			<Option target="yaml-cpp"/>
		</Unit>
		<Unit filename="/home/hugo/Escritorio/MicroMachines/Servidor/yaml-cpp/src/parse.cpp">
			<Option target="yaml-cpp"/>
		</Unit>
		<Unit filename="/home/hugo/Escritorio/MicroMachines/Servidor/yaml-cpp/src/parser.cpp">
			<Option target="yaml-cpp"/>
		</Unit>
		<Unit filename="/home/hugo/Escritorio/MicroMachines/Servidor/yaml-cpp/src/ptr_vector.h">
			<Option target="yaml-cpp"/>
		</Unit>
		<Unit filename="/home/hugo/Escritorio/MicroMachines/Servidor/yaml-cpp/src/regex_yaml.cpp">
			<Option target="yaml-cpp"/>
		</Unit>
		<Unit filename="/home/hugo/Escritorio/MicroMachines/Servidor/yaml-cpp/src/regex_yaml.h">
			<Option target="yaml-cpp"/>
		</Unit>
		<Unit filename="/home/hugo/Escritorio/MicroMachines/Servidor/yaml-cpp/src/regeximpl.h">
			<Option target="yaml-cpp"/>
		</Unit>
		<Unit filename="/home/hugo/Escritorio/MicroMachines/Servidor/yaml-cpp/src/scanner.cpp">
			<Option target="yaml-cpp"/>
		</Unit>
		<Unit filename="/home/hugo/Escritorio/MicroMachines/Servidor/yaml-cpp/src/scanner.h">
			<Option target="yaml-cpp"/>
		</Unit>
		<Unit filename="/home/hugo/Escritorio/MicroMachines/Servidor/yaml-cpp/src/scanscalar.cpp">
			<Option target="yaml-cpp"/>
		</Unit>
		<Unit filename="/home/hugo/Escritorio/MicroMachines/Servidor/yaml-cpp/src/scanscalar.h">
			<Option target="yaml-cpp"/>
		</Unit>
		<Unit filename="/home/hugo/Escritorio/MicroMachines/Servidor/yaml-cpp/src/scantag.cpp">
			<Option target="yaml-cpp"/>
		</Unit>
		<Unit filename="/home/hugo/Escritorio/MicroMachines/Servidor/yaml-cpp/src/scantag.h">
			<Option target="yaml-cpp"/>
		</Unit>
		<Unit filename="/home/hugo/Escritorio/MicroMachines/Servidor/yaml-cpp/src/scantoken.cpp">
			<Option target="yaml-cpp"/>
		</Unit>
		<Unit filename="/home/hugo/Escritorio/MicroMachines/Servidor/yaml-cpp/src/setting.h">
			<Option target="yaml-cpp"/>
		</Unit>
		<Unit filename="/home/hugo/Escritorio/MicroMachines/Servidor/yaml-cpp/src/simplekey.cpp">
			<Option target="yaml-cpp"/>
		</Unit>
		<Unit filename="/home/hugo/Escritorio/MicroMachines/Servidor/yaml-cpp/src/singledocparser.cpp">
			<Option target="yaml-cpp"/>
		</Unit>
		<Unit filename="/home/hugo/Escritorio/MicroMachines/Servidor/yaml-cpp/src/singledocparser.h">
			<Option target="yaml-cpp"/>
		</Unit>
		<Unit filename="/home/hugo/Escritorio/MicroMachines/Servidor/yaml-cpp/src/stream.cpp">
			<Option target="yaml-cpp"/>
		</Unit>
		<Unit filename="/home/hugo/Escritorio/MicroMachines/Servidor/yaml-cpp/src/stream.h">
			<Option target="yaml-cpp"/>
		</Unit>
		<Unit filename="/home/hugo/Escritorio/MicroMachines/Servidor/yaml-cpp/src/streamcharsource.h">
			<Option target="yaml-cpp"/>
		</Unit>
		<Unit filename="/home/hugo/Escritorio/MicroMachines/Servidor/yaml-cpp/src/stringsource.h">
			<Option target="yaml-cpp"/>
		</Unit>
		<Unit filename="/home/hugo/Escritorio/MicroMachines/Servidor/yaml-cpp/src/tag.cpp">
			<Option target="yaml-cpp"/>
		</Unit>
		<Unit filename="/home/hugo/Escritorio/MicroMachines/Servidor/yaml-cpp/src/tag.h">
			<Option target="yaml-cpp"/>
		</Unit>
		<Unit filename="/home/hugo/Escritorio/MicroMachines/Servidor/yaml-cpp/src/token.h">
			<Option target="yaml-cpp"/>
		</Unit>
		<Unit filename="/home/hugo/Escritorio/MicroMachines/Servidor/yaml-cpp/util/parse.cpp">
			<Option target="parse"/>
		</Unit>
		<Unit filename="/home/hugo/Escritorio/MicroMachines/Servidor/yaml-cpp/util/read.cpp">
			<Option target="read"/>
		</Unit>
		<Unit filename="/home/hugo/Escritorio/MicroMachines/Servidor/yaml-cpp/util/sandbox.cpp">
			<Option target="sandbox"/>
		</Unit>
		<Unit filename="/home/hugo/Escritorio/MicroMachines/Servidor/CMakeLists.txt">
			<Option virtualFolder="CMake Files\"/>
		</Unit>
		<Unit filename="/home/hugo/Escritorio/MicroMachines/Servidor/3rd_party/Box2D-cmake/CMakeLists.txt">
			<Option virtualFolder="CMake Files\3rd_party\Box2D-cmake\"/>
		</Unit>
		<Unit filename="/home/hugo/Escritorio/MicroMachines/Servidor/yaml-cpp/CMakeLists.txt">
			<Option virtualFolder="CMake Files\yaml-cpp\"/>
		</Unit>
		<Unit filename="/home/hugo/Escritorio/MicroMachines/Servidor/yaml-cpp/yaml-cpp-config-version.cmake.in">
			<Option virtualFolder="CMake Files\yaml-cpp\"/>
		</Unit>
		<Unit filename="/home/hugo/Escritorio/MicroMachines/Servidor/yaml-cpp/yaml-cpp-config.cmake.in">
			<Option virtualFolder="CMake Files\yaml-cpp\"/>
		</Unit>
		<Unit filename="/home/hugo/Escritorio/MicroMachines/Servidor/yaml-cpp/yaml-cpp.pc.cmake">
			<Option virtualFolder="CMake Files\yaml-cpp\"/>
		</Unit>
		<Unit filename="/home/hugo/Escritorio/MicroMachines/Servidor/yaml-cpp/util/CMakeLists.txt">
			<Option virtualFolder="CMake Files\yaml-cpp\util\"/>
		</Unit>
	</Project>
</CodeBlocks_project_file>
